{
  "version": 4,
  "terraform_version": "1.0.11",
  "serial": 1624,
  "lineage": "f8a979ec-2d27-a9e9-9fa4-519c9671e2b6",
  "outputs": {
    "alb_dns_name": {
      "value": "cd-alb-2009149599.ap-northeast-2.elb.amazonaws.com",
      "type": "string"
    },
    "bastion_public_ip": {
      "value": "54.180.216.144",
      "type": "string"
    },
    "nlb_dns_name": {
      "value": "cd-nlb-4c6240924f5cee38.elb.ap-northeast-2.amazonaws.com",
      "type": "string"
    }
  },
  "resources": [
    {
      "mode": "data",
      "type": "aws_caller_identity",
      "name": "current",
      "provider": "provider[\"registry.terraform.io/hashicorp/aws\"]",
      "instances": [
        {
          "schema_version": 0,
          "attributes": {
            "account_id": "730686915589",
            "arn": "arn:aws:iam::730686915589:user/jump99500",
            "id": "730686915589",
            "user_id": "AIDA2UICVQQC3UI3Y7PQ6"
          },
          "sensitive_attributes": []
        }
      ]
    },
    {
      "mode": "data",
      "type": "aws_elb_service_account",
      "name": "cd_elb_account",
      "provider": "provider[\"registry.terraform.io/hashicorp/aws\"]",
      "instances": [
        {
          "schema_version": 0,
          "attributes": {
            "arn": "arn:aws:iam::600734575887:root",
            "id": "600734575887",
            "region": null
          },
          "sensitive_attributes": []
        }
      ]
    },
    {
      "mode": "data",
      "type": "aws_iam_policy_document",
      "name": "sns_topic_policy",
      "provider": "provider[\"registry.terraform.io/hashicorp/aws\"]",
      "instances": [
        {
          "schema_version": 0,
          "attributes": {
            "id": "3635073082",
            "json": "{\n  \"Version\": \"2012-10-17\",\n  \"Statement\": [\n    {\n      \"Sid\": \"\",\n      \"Effect\": \"Allow\",\n      \"Action\": \"SNS:Publish\",\n      \"Resource\": \"arn:aws:sns:ap-northeast-2:730686915589:aws-console-logins\",\n      \"Principal\": {\n        \"Service\": \"events.amazonaws.com\"\n      }\n    }\n  ]\n}",
            "override_json": null,
            "override_policy_documents": null,
            "policy_id": null,
            "source_json": null,
            "source_policy_documents": null,
            "statement": [
              {
                "actions": [
                  "SNS:Publish"
                ],
                "condition": [],
                "effect": "Allow",
                "not_actions": [],
                "not_principals": [],
                "not_resources": [],
                "principals": [
                  {
                    "identifiers": [
                      "events.amazonaws.com"
                    ],
                    "type": "Service"
                  }
                ],
                "resources": [
                  "arn:aws:sns:ap-northeast-2:730686915589:aws-console-logins"
                ],
                "sid": ""
              }
            ],
            "version": "2012-10-17"
          },
          "sensitive_attributes": []
        }
      ]
    },
    {
      "mode": "managed",
      "type": "aws_ami_from_instance",
      "name": "ami_was",
      "provider": "provider[\"registry.terraform.io/hashicorp/aws\"]",
      "instances": [
        {
          "schema_version": 0,
          "attributes": {
            "architecture": "x86_64",
            "arn": "arn:aws:ec2:ap-northeast-2::image/ami-0866d0d32af2a32e1",
            "description": "",
            "ebs_block_device": [
              {
                "delete_on_termination": true,
                "device_name": "/dev/xvda",
                "encrypted": false,
                "iops": 0,
                "snapshot_id": "snap-01e82078c6a1c0ebc",
                "throughput": 0,
                "volume_size": 8,
                "volume_type": "gp2"
              }
            ],
            "ena_support": true,
            "ephemeral_block_device": [],
            "hypervisor": "xen",
            "id": "ami-0866d0d32af2a32e1",
            "image_location": "730686915589/ami-was",
            "image_owner_alias": "",
            "image_type": "machine",
            "kernel_id": "",
            "manage_ebs_snapshots": true,
            "name": "ami-was",
            "owner_id": "730686915589",
            "platform": "",
            "platform_details": "Linux/UNIX",
            "public": false,
            "ramdisk_id": "",
            "root_device_name": "/dev/xvda",
            "root_snapshot_id": "snap-01e82078c6a1c0ebc",
            "snapshot_without_reboot": null,
            "source_instance_id": "i-0d5c63f85d5fa6311",
            "sriov_net_support": "simple",
            "tags": null,
            "tags_all": {},
            "timeouts": null,
            "usage_operation": "RunInstances",
            "virtualization_type": "hvm"
          },
          "sensitive_attributes": [],
          "private": "eyJlMmJmYjczMC1lY2FhLTExZTYtOGY4OC0zNDM2M2JjN2M0YzAiOnsiY3JlYXRlIjoyNDAwMDAwMDAwMDAwLCJkZWxldGUiOjU0MDAwMDAwMDAwMDAsInVwZGF0ZSI6MjQwMDAwMDAwMDAwMH19",
          "dependencies": [
            "aws_instance.cd_bastion",
            "aws_instance.was",
            "aws_instance.web",
            "aws_security_group.sg_alb",
            "aws_security_group.sg_bastion",
            "aws_security_group.sg_was",
            "aws_security_group.sg_web",
            "aws_subnet.cd_priwas1",
            "aws_subnet.cd_priweb1",
            "aws_subnet.cd_pub1",
            "aws_vpc.cd_vpc",
            "time_sleep.wait_bastion",
            "time_sleep.wait_was"
          ]
        }
      ]
    },
    {
      "mode": "managed",
      "type": "aws_ami_from_instance",
      "name": "ami_web",
      "provider": "provider[\"registry.terraform.io/hashicorp/aws\"]",
      "instances": [
        {
          "schema_version": 0,
          "attributes": {
            "architecture": "x86_64",
            "arn": "arn:aws:ec2:ap-northeast-2::image/ami-0be2000bf82cfe14c",
            "description": "",
            "ebs_block_device": [
              {
                "delete_on_termination": true,
                "device_name": "/dev/xvda",
                "encrypted": false,
                "iops": 0,
                "snapshot_id": "snap-085d96c2dc9559ad9",
                "throughput": 0,
                "volume_size": 8,
                "volume_type": "gp2"
              }
            ],
            "ena_support": true,
            "ephemeral_block_device": [],
            "hypervisor": "xen",
            "id": "ami-0be2000bf82cfe14c",
            "image_location": "730686915589/ami-web",
            "image_owner_alias": "",
            "image_type": "machine",
            "kernel_id": "",
            "manage_ebs_snapshots": true,
            "name": "ami-web",
            "owner_id": "730686915589",
            "platform": "",
            "platform_details": "Linux/UNIX",
            "public": false,
            "ramdisk_id": "",
            "root_device_name": "/dev/xvda",
            "root_snapshot_id": "snap-085d96c2dc9559ad9",
            "snapshot_without_reboot": null,
            "source_instance_id": "i-0473a7a982066cd9c",
            "sriov_net_support": "simple",
            "tags": null,
            "tags_all": {},
            "timeouts": null,
            "usage_operation": "RunInstances",
            "virtualization_type": "hvm"
          },
          "sensitive_attributes": [],
          "private": "eyJlMmJmYjczMC1lY2FhLTExZTYtOGY4OC0zNDM2M2JjN2M0YzAiOnsiY3JlYXRlIjoyNDAwMDAwMDAwMDAwLCJkZWxldGUiOjU0MDAwMDAwMDAwMDAsInVwZGF0ZSI6MjQwMDAwMDAwMDAwMH19",
          "dependencies": [
            "aws_instance.web",
            "aws_security_group.sg_alb",
            "aws_security_group.sg_bastion",
            "aws_security_group.sg_web",
            "aws_subnet.cd_priweb1",
            "aws_vpc.cd_vpc",
            "time_sleep.wait_web"
          ]
        }
      ]
    },
    {
      "mode": "managed",
      "type": "aws_autoscaling_attachment",
      "name": "cd_wasasatt",
      "provider": "provider[\"registry.terraform.io/hashicorp/aws\"]",
      "instances": [
        {
          "schema_version": 0,
          "attributes": {
            "alb_target_group_arn": "arn:aws:elasticloadbalancing:ap-northeast-2:730686915589:targetgroup/cd-nlbtg/121897a0be53f262",
            "autoscaling_group_name": "cd-wasatsg",
            "elb": null,
            "id": "cd-wasatsg-20211227022515941000000002"
          },
          "sensitive_attributes": [],
          "private": "bnVsbA==",
          "dependencies": [
            "aws_ami_from_instance.ami_was",
            "aws_autoscaling_group.cd_wasatsg",
            "aws_instance.cd_bastion",
            "aws_instance.was",
            "aws_instance.web",
            "aws_launch_configuration.cd_waslacf",
            "aws_lb_target_group.cd_nlbtg",
            "aws_security_group.sg_alb",
            "aws_security_group.sg_bastion",
            "aws_security_group.sg_was",
            "aws_security_group.sg_web",
            "aws_subnet.cd_priwas1",
            "aws_subnet.cd_priwas2",
            "aws_subnet.cd_priweb1",
            "aws_subnet.cd_pub1",
            "aws_vpc.cd_vpc",
            "time_sleep.wait_bastion",
            "time_sleep.wait_was"
          ]
        }
      ]
    },
    {
      "mode": "managed",
      "type": "aws_autoscaling_attachment",
      "name": "cd_webasatt",
      "provider": "provider[\"registry.terraform.io/hashicorp/aws\"]",
      "instances": [
        {
          "schema_version": 0,
          "attributes": {
            "alb_target_group_arn": "arn:aws:elasticloadbalancing:ap-northeast-2:730686915589:targetgroup/cd-albtg/d5fd9d9072abb340",
            "autoscaling_group_name": "cd-webatsg",
            "elb": null,
            "id": "cd-webatsg-20211227021140950700000001"
          },
          "sensitive_attributes": [],
          "private": "bnVsbA==",
          "dependencies": [
            "aws_ami_from_instance.ami_web",
            "aws_autoscaling_group.cd_webatsg",
            "aws_instance.web",
            "aws_launch_configuration.cd_weblacf",
            "aws_lb_target_group.cd_albtg",
            "aws_security_group.sg_alb",
            "aws_security_group.sg_bastion",
            "aws_security_group.sg_web",
            "aws_subnet.cd_priweb1",
            "aws_subnet.cd_priweb2",
            "aws_vpc.cd_vpc",
            "time_sleep.wait_web"
          ]
        }
      ]
    },
    {
      "mode": "managed",
      "type": "aws_autoscaling_group",
      "name": "cd_wasatsg",
      "provider": "provider[\"registry.terraform.io/hashicorp/aws\"]",
      "instances": [
        {
          "schema_version": 0,
          "attributes": {
            "arn": "arn:aws:autoscaling:ap-northeast-2:730686915589:autoScalingGroup:247b5e3c-1799-45f1-ab69-f0f6be693a90:autoScalingGroupName/cd-wasatsg",
            "availability_zones": [
              "ap-northeast-2a",
              "ap-northeast-2c"
            ],
            "capacity_rebalance": false,
            "default_cooldown": 300,
            "desired_capacity": 2,
            "enabled_metrics": null,
            "force_delete": false,
            "force_delete_warm_pool": false,
            "health_check_grace_period": 60,
            "health_check_type": "EC2",
            "id": "cd-wasatsg",
            "initial_lifecycle_hook": [],
            "instance_refresh": [],
            "launch_configuration": "cd-waslacf",
            "launch_template": [],
            "load_balancers": null,
            "max_instance_lifetime": 0,
            "max_size": 8,
            "metrics_granularity": "1Minute",
            "min_elb_capacity": null,
            "min_size": 2,
            "mixed_instances_policy": [],
            "name": "cd-wasatsg",
            "name_prefix": "",
            "placement_group": "",
            "protect_from_scale_in": false,
            "service_linked_role_arn": "arn:aws:iam::730686915589:role/aws-service-role/autoscaling.amazonaws.com/AWSServiceRoleForAutoScaling",
            "suspended_processes": null,
            "tag": [
              {
                "key": "Name",
                "propagate_at_launch": true,
                "value": "was"
              }
            ],
            "tags": null,
            "target_group_arns": null,
            "termination_policies": null,
            "timeouts": null,
            "vpc_zone_identifier": [
              "subnet-0200a2e1b3d375db1",
              "subnet-05e97ddb060756eac"
            ],
            "wait_for_capacity_timeout": "10m",
            "wait_for_elb_capacity": null,
            "warm_pool": []
          },
          "sensitive_attributes": [],
          "private": "eyJlMmJmYjczMC1lY2FhLTExZTYtOGY4OC0zNDM2M2JjN2M0YzAiOnsiZGVsZXRlIjo2MDAwMDAwMDAwMDB9fQ==",
          "dependencies": [
            "aws_ami_from_instance.ami_was",
            "aws_instance.cd_bastion",
            "aws_instance.was",
            "aws_instance.web",
            "aws_launch_configuration.cd_waslacf",
            "aws_security_group.sg_alb",
            "aws_security_group.sg_bastion",
            "aws_security_group.sg_was",
            "aws_security_group.sg_web",
            "aws_subnet.cd_priwas1",
            "aws_subnet.cd_priwas2",
            "aws_subnet.cd_priweb1",
            "aws_subnet.cd_pub1",
            "aws_vpc.cd_vpc",
            "time_sleep.wait_bastion",
            "time_sleep.wait_was"
          ]
        }
      ]
    },
    {
      "mode": "managed",
      "type": "aws_autoscaling_group",
      "name": "cd_webatsg",
      "provider": "provider[\"registry.terraform.io/hashicorp/aws\"]",
      "instances": [
        {
          "schema_version": 0,
          "attributes": {
            "arn": "arn:aws:autoscaling:ap-northeast-2:730686915589:autoScalingGroup:61a425e0-2e8c-4aa3-a25e-f9e635837274:autoScalingGroupName/cd-webatsg",
            "availability_zones": [
              "ap-northeast-2a",
              "ap-northeast-2c"
            ],
            "capacity_rebalance": false,
            "default_cooldown": 300,
            "desired_capacity": 2,
            "enabled_metrics": null,
            "force_delete": false,
            "force_delete_warm_pool": false,
            "health_check_grace_period": 60,
            "health_check_type": "EC2",
            "id": "cd-webatsg",
            "initial_lifecycle_hook": [],
            "instance_refresh": [],
            "launch_configuration": "cd-weblacf",
            "launch_template": [],
            "load_balancers": null,
            "max_instance_lifetime": 0,
            "max_size": 8,
            "metrics_granularity": "1Minute",
            "min_elb_capacity": null,
            "min_size": 2,
            "mixed_instances_policy": [],
            "name": "cd-webatsg",
            "name_prefix": "",
            "placement_group": "",
            "protect_from_scale_in": false,
            "service_linked_role_arn": "arn:aws:iam::730686915589:role/aws-service-role/autoscaling.amazonaws.com/AWSServiceRoleForAutoScaling",
            "suspended_processes": null,
            "tag": [
              {
                "key": "Name",
                "propagate_at_launch": true,
                "value": "web"
              }
            ],
            "tags": null,
            "target_group_arns": null,
            "termination_policies": null,
            "timeouts": null,
            "vpc_zone_identifier": [
              "subnet-0031c5f42f3f32954",
              "subnet-038af23e998e027c0"
            ],
            "wait_for_capacity_timeout": "10m",
            "wait_for_elb_capacity": null,
            "warm_pool": []
          },
          "sensitive_attributes": [],
          "private": "eyJlMmJmYjczMC1lY2FhLTExZTYtOGY4OC0zNDM2M2JjN2M0YzAiOnsiZGVsZXRlIjo2MDAwMDAwMDAwMDB9fQ==",
          "dependencies": [
            "aws_ami_from_instance.ami_web",
            "aws_instance.web",
            "aws_launch_configuration.cd_weblacf",
            "aws_security_group.sg_alb",
            "aws_security_group.sg_bastion",
            "aws_security_group.sg_web",
            "aws_subnet.cd_priweb1",
            "aws_subnet.cd_priweb2",
            "aws_vpc.cd_vpc",
            "time_sleep.wait_web"
          ]
        }
      ]
    },
    {
      "mode": "managed",
      "type": "aws_cloudwatch_event_rule",
      "name": "console",
      "provider": "provider[\"registry.terraform.io/hashicorp/aws\"]",
      "instances": [
        {
          "schema_version": 0,
          "attributes": {
            "arn": "arn:aws:events:ap-northeast-2:730686915589:rule/capture-aws-sign-in",
            "description": "Capture each AWS Console Sign In",
            "event_bus_name": "default",
            "event_pattern": "{\"detail-type\":[\"AWS Console Sign In via CloudTrail\"]}",
            "id": "capture-aws-sign-in",
            "is_enabled": true,
            "name": "capture-aws-sign-in",
            "name_prefix": "",
            "role_arn": "",
            "schedule_expression": "",
            "tags": null,
            "tags_all": {}
          },
          "sensitive_attributes": [],
          "private": "bnVsbA=="
        }
      ]
    },
    {
      "mode": "managed",
      "type": "aws_cloudwatch_event_target",
      "name": "sns",
      "provider": "provider[\"registry.terraform.io/hashicorp/aws\"]",
      "instances": [
        {
          "schema_version": 1,
          "attributes": {
            "arn": "arn:aws:sns:ap-northeast-2:730686915589:aws-console-logins",
            "batch_target": [],
            "dead_letter_config": [],
            "ecs_target": [],
            "event_bus_name": "default",
            "http_target": [],
            "id": "capture-aws-sign-in-SendToSNS",
            "input": "",
            "input_path": "",
            "input_transformer": [],
            "kinesis_target": [],
            "redshift_target": [],
            "retry_policy": [],
            "role_arn": "",
            "rule": "capture-aws-sign-in",
            "run_command_targets": [],
            "sqs_target": [],
            "target_id": "SendToSNS"
          },
          "sensitive_attributes": [],
          "private": "eyJzY2hlbWFfdmVyc2lvbiI6IjEifQ==",
          "dependencies": [
            "aws_cloudwatch_event_rule.console",
            "aws_sns_topic.aws_logins"
          ]
        }
      ]
    },
    {
      "mode": "managed",
      "type": "aws_cloudwatch_metric_alarm",
      "name": "ec2_cpu_80",
      "provider": "provider[\"registry.terraform.io/hashicorp/aws\"]",
      "instances": [
        {
          "schema_version": 1,
          "attributes": {
            "actions_enabled": true,
            "alarm_actions": null,
            "alarm_description": "This metric monitors ec2 cpu utilization",
            "alarm_name": "terraform-test-ec2-cpu-80",
            "arn": "arn:aws:cloudwatch:ap-northeast-2:730686915589:alarm:terraform-test-ec2-cpu-80",
            "comparison_operator": "GreaterThanOrEqualToThreshold",
            "datapoints_to_alarm": 0,
            "dimensions": null,
            "evaluate_low_sample_count_percentiles": "",
            "evaluation_periods": 2,
            "extended_statistic": "",
            "id": "terraform-test-ec2-cpu-80",
            "insufficient_data_actions": null,
            "metric_name": "CPUUtilization",
            "metric_query": [],
            "namespace": "AWS/EC2",
            "ok_actions": null,
            "period": 120,
            "statistic": "Average",
            "tags": null,
            "tags_all": {},
            "threshold": 80,
            "threshold_metric_id": "",
            "treat_missing_data": "missing",
            "unit": ""
          },
          "sensitive_attributes": [],
          "private": "eyJzY2hlbWFfdmVyc2lvbiI6IjEifQ=="
        }
      ]
    },
    {
      "mode": "managed",
      "type": "aws_db_instance",
      "name": "cd_mydb",
      "provider": "provider[\"registry.terraform.io/hashicorp/aws\"]",
      "instances": [
        {
          "schema_version": 1,
          "attributes": {
            "address": "cd.cln1idx5n5vk.ap-northeast-2.rds.amazonaws.com",
            "allocated_storage": 20,
            "allow_major_version_upgrade": null,
            "apply_immediately": true,
            "arn": "arn:aws:rds:ap-northeast-2:730686915589:db:cd",
            "auto_minor_version_upgrade": true,
            "availability_zone": "ap-northeast-2a",
            "backup_retention_period": 4,
            "backup_window": "10:00-10:30",
            "ca_cert_identifier": "rds-ca-2019",
            "character_set_name": "",
            "copy_tags_to_snapshot": false,
            "customer_owned_ip_enabled": false,
            "db_subnet_group_name": "cd-dbsg",
            "delete_automated_backups": true,
            "deletion_protection": false,
            "domain": "",
            "domain_iam_role_name": "",
            "enabled_cloudwatch_logs_exports": null,
            "endpoint": "cd.cln1idx5n5vk.ap-northeast-2.rds.amazonaws.com:3306",
            "engine": "mysql",
            "engine_version": "8.0.23",
            "engine_version_actual": "8.0.23",
            "final_snapshot_identifier": null,
            "hosted_zone_id": "ZLA2NUCOLGUUR",
            "iam_database_authentication_enabled": false,
            "id": "cd",
            "identifier": "cd",
            "identifier_prefix": null,
            "instance_class": "db.t3.micro",
            "iops": 0,
            "kms_key_id": "",
            "latest_restorable_time": "2021-12-27T02:08:25Z",
            "license_model": "general-public-license",
            "maintenance_window": "sun:16:36-sun:17:06",
            "max_allocated_storage": 0,
            "monitoring_interval": 0,
            "monitoring_role_arn": "",
            "multi_az": false,
            "name": "petclinic",
            "nchar_character_set_name": "",
            "option_group_name": "default:mysql-8-0",
            "parameter_group_name": "default.mysql8.0",
            "password": "petclinic",
            "performance_insights_enabled": false,
            "performance_insights_kms_key_id": "",
            "performance_insights_retention_period": 0,
            "port": 3306,
            "publicly_accessible": false,
            "replica_mode": "",
            "replicas": [],
            "replicate_source_db": "",
            "resource_id": "db-IQREIW7B5CNXKLX6CNYWBRVJT4",
            "restore_to_point_in_time": [],
            "s3_import": [],
            "security_group_names": null,
            "skip_final_snapshot": true,
            "snapshot_identifier": null,
            "status": "available",
            "storage_encrypted": false,
            "storage_type": "gp2",
            "tags": {
              "Name": "cd-db"
            },
            "tags_all": {
              "Name": "cd-db"
            },
            "timeouts": null,
            "timezone": "",
            "username": "root",
            "vpc_security_group_ids": [
              "sg-0715ff16f7452753f"
            ]
          },
          "sensitive_attributes": [],
          "private": "eyJlMmJmYjczMC1lY2FhLTExZTYtOGY4OC0zNDM2M2JjN2M0YzAiOnsiY3JlYXRlIjoyNDAwMDAwMDAwMDAwLCJkZWxldGUiOjM2MDAwMDAwMDAwMDAsInVwZGF0ZSI6NDgwMDAwMDAwMDAwMH0sInNjaGVtYV92ZXJzaW9uIjoiMSJ9",
          "dependencies": [
            "aws_db_subnet_group.cd_dbsg",
            "aws_security_group.sg_bastion",
            "aws_security_group.sg_peer_db",
            "aws_subnet.cd_dbpeer1",
            "aws_subnet.cd_dbpeer2",
            "aws_vpc.cd_vpc",
            "aws_vpc.cd_vpc_peer"
          ]
        }
      ]
    },
    {
      "mode": "managed",
      "type": "aws_db_snapshot",
      "name": "test",
      "provider": "provider[\"registry.terraform.io/hashicorp/aws\"]",
      "instances": [
        {
          "schema_version": 0,
          "attributes": {
            "allocated_storage": 20,
            "availability_zone": "ap-northeast-2a",
            "db_instance_identifier": "cd",
            "db_snapshot_arn": "arn:aws:rds:ap-northeast-2:730686915589:snapshot:testsnapshot1234",
            "db_snapshot_identifier": "testsnapshot1234",
            "encrypted": false,
            "engine": "mysql",
            "engine_version": "8.0.23",
            "id": "testsnapshot1234",
            "iops": 0,
            "kms_key_id": "",
            "license_model": "general-public-license",
            "option_group_name": "default:mysql-8-0",
            "port": 3306,
            "snapshot_type": "manual",
            "source_db_snapshot_identifier": "",
            "source_region": "",
            "status": "available",
            "storage_type": null,
            "tags": null,
            "tags_all": {},
            "timeouts": null,
            "vpc_id": "vpc-0b9c8b983ab6ad3ed"
          },
          "sensitive_attributes": [],
          "private": "eyJlMmJmYjczMC1lY2FhLTExZTYtOGY4OC0zNDM2M2JjN2M0YzAiOnsicmVhZCI6MTIwMDAwMDAwMDAwMH19",
          "dependencies": [
            "aws_db_instance.cd_mydb",
            "aws_db_subnet_group.cd_dbsg",
            "aws_security_group.sg_bastion",
            "aws_security_group.sg_peer_db",
            "aws_subnet.cd_dbpeer1",
            "aws_subnet.cd_dbpeer2",
            "aws_vpc.cd_vpc",
            "aws_vpc.cd_vpc_peer"
          ]
        }
      ]
    },
    {
      "mode": "managed",
      "type": "aws_db_subnet_group",
      "name": "cd_dbsg",
      "provider": "provider[\"registry.terraform.io/hashicorp/aws\"]",
      "instances": [
        {
          "schema_version": 0,
          "attributes": {
            "arn": "arn:aws:rds:ap-northeast-2:730686915589:subgrp:cd-dbsg",
            "description": "Managed by Terraform",
            "id": "cd-dbsg",
            "name": "cd-dbsg",
            "name_prefix": null,
            "subnet_ids": [
              "subnet-012b90873e34afd62",
              "subnet-0a2eef3e48f24c210"
            ],
            "tags": null,
            "tags_all": {}
          },
          "sensitive_attributes": [],
          "private": "bnVsbA==",
          "dependencies": [
            "aws_subnet.cd_dbpeer1",
            "aws_subnet.cd_dbpeer2",
            "aws_vpc.cd_vpc_peer"
          ]
        }
      ]
    },
    {
      "mode": "managed",
      "type": "aws_dlm_lifecycle_policy",
      "name": "cd_dlm_lf",
      "provider": "provider[\"registry.terraform.io/hashicorp/aws\"]",
      "instances": [
        {
          "schema_version": 0,
          "attributes": {
            "arn": "arn:aws:dlm:ap-northeast-2:730686915589:policy/policy-0b3984d5d35d2b961",
            "description": "DLM lifecycle policy",
            "execution_role_arn": "arn:aws:iam::730686915589:role/cd-dlm-lf-role",
            "id": "policy-0b3984d5d35d2b961",
            "policy_details": [
              {
                "resource_types": [
                  "VOLUME"
                ],
                "schedule": [
                  {
                    "copy_tags": false,
                    "create_rule": [
                      {
                        "interval": 3,
                        "interval_unit": "HOURS",
                        "times": [
                          "23:45"
                        ]
                      }
                    ],
                    "cross_region_copy_rule": [],
                    "name": "2 weeks of daily snapshots",
                    "retain_rule": [
                      {
                        "count": 5
                      }
                    ],
                    "tags_to_add": {
                      "SnapshotCreator": "DLM"
                    }
                  }
                ],
                "target_tags": {
                  "Name": "cd-ebs"
                }
              }
            ],
            "state": "ENABLED",
            "tags": null,
            "tags_all": {}
          },
          "sensitive_attributes": [],
          "private": "bnVsbA==",
          "dependencies": [
            "aws_iam_role.cd_dlm_lf_role"
          ]
        }
      ]
    },
    {
      "mode": "managed",
      "type": "aws_ebs_volume",
      "name": "cd_ebs",
      "provider": "provider[\"registry.terraform.io/hashicorp/aws\"]",
      "instances": [
        {
          "schema_version": 0,
          "attributes": {
            "arn": "arn:aws:ec2:ap-northeast-2:730686915589:volume/vol-0c5d56a251f5f5dd0",
            "availability_zone": "ap-northeast-2a",
            "encrypted": false,
            "id": "vol-0c5d56a251f5f5dd0",
            "iops": 100,
            "kms_key_id": "",
            "multi_attach_enabled": false,
            "outpost_arn": "",
            "size": 20,
            "snapshot_id": "",
            "tags": {
              "Name": "cd-ebs"
            },
            "tags_all": {
              "Name": "cd-ebs"
            },
            "throughput": 0,
            "type": "gp2"
          },
          "sensitive_attributes": [],
          "private": "bnVsbA=="
        }
      ]
    },
    {
      "mode": "managed",
      "type": "aws_efs_file_system",
      "name": "cd_efs",
      "provider": "provider[\"registry.terraform.io/hashicorp/aws\"]",
      "instances": [
        {
          "schema_version": 0,
          "attributes": {
            "arn": "arn:aws:elasticfilesystem:ap-northeast-2:730686915589:file-system/fs-0e19cdcb1ec274935",
            "availability_zone_id": "",
            "availability_zone_name": "",
            "creation_token": "cd-efs",
            "dns_name": "fs-0e19cdcb1ec274935.efs.ap-northeast-2.amazonaws.com",
            "encrypted": false,
            "id": "fs-0e19cdcb1ec274935",
            "kms_key_id": "",
            "lifecycle_policy": [],
            "number_of_mount_targets": 0,
            "owner_id": "730686915589",
            "performance_mode": "generalPurpose",
            "provisioned_throughput_in_mibps": 0,
            "size_in_bytes": [
              {
                "value": 6144,
                "value_in_ia": 0,
                "value_in_standard": 6144
              }
            ],
            "tags": {
              "Name": "cd-efs"
            },
            "tags_all": {
              "Name": "cd-efs"
            },
            "throughput_mode": "bursting"
          },
          "sensitive_attributes": [],
          "private": "bnVsbA=="
        }
      ]
    },
    {
      "mode": "managed",
      "type": "aws_efs_mount_target",
      "name": "cd_efs_mount1",
      "provider": "provider[\"registry.terraform.io/hashicorp/aws\"]",
      "instances": [
        {
          "schema_version": 0,
          "attributes": {
            "availability_zone_id": "apne2-az1",
            "availability_zone_name": "ap-northeast-2a",
            "dns_name": "fs-0e19cdcb1ec274935.efs.ap-northeast-2.amazonaws.com",
            "file_system_arn": "arn:aws:elasticfilesystem:ap-northeast-2:730686915589:file-system/fs-0e19cdcb1ec274935",
            "file_system_id": "fs-0e19cdcb1ec274935",
            "id": "fsmt-0af16e994604870e3",
            "ip_address": "192.168.4.200",
            "mount_target_dns_name": "ap-northeast-2a.fs-0e19cdcb1ec274935.efs.ap-northeast-2.amazonaws.com",
            "network_interface_id": "eni-063b1ea57ec7a504a",
            "owner_id": "730686915589",
            "security_groups": [
              "sg-0cfd40f883d2ac0be"
            ],
            "subnet_id": "subnet-0200a2e1b3d375db1"
          },
          "sensitive_attributes": [],
          "private": "bnVsbA==",
          "dependencies": [
            "aws_efs_file_system.cd_efs",
            "aws_security_group.sg_bastion",
            "aws_security_group.sg_efs",
            "aws_security_group.sg_was",
            "aws_subnet.cd_priwas1",
            "aws_vpc.cd_vpc"
          ]
        }
      ]
    },
    {
      "mode": "managed",
      "type": "aws_efs_mount_target",
      "name": "cd_efs_mount2",
      "provider": "provider[\"registry.terraform.io/hashicorp/aws\"]",
      "instances": [
        {
          "schema_version": 0,
          "attributes": {
            "availability_zone_id": "apne2-az3",
            "availability_zone_name": "ap-northeast-2c",
            "dns_name": "fs-0e19cdcb1ec274935.efs.ap-northeast-2.amazonaws.com",
            "file_system_arn": "arn:aws:elasticfilesystem:ap-northeast-2:730686915589:file-system/fs-0e19cdcb1ec274935",
            "file_system_id": "fs-0e19cdcb1ec274935",
            "id": "fsmt-058887eb8182785ab",
            "ip_address": "192.168.5.209",
            "mount_target_dns_name": "ap-northeast-2c.fs-0e19cdcb1ec274935.efs.ap-northeast-2.amazonaws.com",
            "network_interface_id": "eni-0d7e101468d59196a",
            "owner_id": "730686915589",
            "security_groups": [
              "sg-0cfd40f883d2ac0be"
            ],
            "subnet_id": "subnet-05e97ddb060756eac"
          },
          "sensitive_attributes": [],
          "private": "bnVsbA==",
          "dependencies": [
            "aws_efs_file_system.cd_efs",
            "aws_security_group.sg_bastion",
            "aws_security_group.sg_efs",
            "aws_security_group.sg_was",
            "aws_subnet.cd_priwas2",
            "aws_vpc.cd_vpc"
          ]
        }
      ]
    },
    {
      "mode": "managed",
      "type": "aws_eip",
      "name": "cd_bastion_ip",
      "provider": "provider[\"registry.terraform.io/hashicorp/aws\"]",
      "instances": [
        {
          "schema_version": 0,
          "attributes": {
            "address": null,
            "allocation_id": "eipalloc-0734dcc1975b20587",
            "associate_with_private_ip": null,
            "association_id": "eipassoc-0a3cfd716492555d4",
            "carrier_ip": "",
            "customer_owned_ip": "",
            "customer_owned_ipv4_pool": "",
            "domain": "vpc",
            "id": "eipalloc-0734dcc1975b20587",
            "instance": "i-021e2c055070ff70f",
            "network_border_group": "ap-northeast-2",
            "network_interface": "eni-05371e22f5b5fdd6e",
            "private_dns": "ip-192-168-0-11.ap-northeast-2.compute.internal",
            "private_ip": "192.168.0.11",
            "public_dns": "ec2-54-180-216-144.ap-northeast-2.compute.amazonaws.com",
            "public_ip": "54.180.216.144",
            "public_ipv4_pool": "amazon",
            "tags": null,
            "tags_all": {},
            "timeouts": null,
            "vpc": true
          },
          "sensitive_attributes": [],
          "private": "eyJlMmJmYjczMC1lY2FhLTExZTYtOGY4OC0zNDM2M2JjN2M0YzAiOnsiZGVsZXRlIjoxODAwMDAwMDAwMDAsInJlYWQiOjkwMDAwMDAwMDAwMCwidXBkYXRlIjozMDAwMDAwMDAwMDB9fQ==",
          "dependencies": [
            "aws_instance.cd_bastion",
            "aws_instance.web",
            "aws_internet_gateway.cd_ig",
            "aws_security_group.sg_alb",
            "aws_security_group.sg_bastion",
            "aws_security_group.sg_web",
            "aws_subnet.cd_priweb1",
            "aws_subnet.cd_pub1",
            "aws_vpc.cd_vpc",
            "time_sleep.wait_bastion"
          ]
        }
      ]
    },
    {
      "mode": "managed",
      "type": "aws_eip",
      "name": "cd_ngw_ip",
      "provider": "provider[\"registry.terraform.io/hashicorp/aws\"]",
      "instances": [
        {
          "schema_version": 0,
          "attributes": {
            "address": null,
            "allocation_id": "eipalloc-08571e1ad48722ece",
            "associate_with_private_ip": null,
            "association_id": "",
            "carrier_ip": "",
            "customer_owned_ip": "",
            "customer_owned_ipv4_pool": "",
            "domain": "vpc",
            "id": "eipalloc-08571e1ad48722ece",
            "instance": "",
            "network_border_group": "ap-northeast-2",
            "network_interface": "",
            "private_dns": null,
            "private_ip": "",
            "public_dns": "ec2-15-164-141-254.ap-northeast-2.compute.amazonaws.com",
            "public_ip": "15.164.141.254",
            "public_ipv4_pool": "amazon",
            "tags": null,
            "tags_all": {},
            "timeouts": null,
            "vpc": true
          },
          "sensitive_attributes": [],
          "private": "eyJlMmJmYjczMC1lY2FhLTExZTYtOGY4OC0zNDM2M2JjN2M0YzAiOnsiZGVsZXRlIjoxODAwMDAwMDAwMDAsInJlYWQiOjkwMDAwMDAwMDAwMCwidXBkYXRlIjozMDAwMDAwMDAwMDB9fQ=="
        }
      ]
    },
    {
      "mode": "managed",
      "type": "aws_iam_policy",
      "name": "cloudWatch_logs",
      "provider": "provider[\"registry.terraform.io/hashicorp/aws\"]",
      "instances": [
        {
          "schema_version": 0,
          "attributes": {
            "arn": "arn:aws:iam::730686915589:policy/cloudWatch-logs-policy",
            "description": "cloudWatch logs policy",
            "id": "arn:aws:iam::730686915589:policy/cloudWatch-logs-policy",
            "name": "cloudWatch-logs-policy",
            "name_prefix": null,
            "path": "/",
            "policy": "{\"Statement\":[{\"Action\":[\"logs:CreateLogGroup\",\"logs:CreateLogStream\",\"logs:PutLogEvents\",\"logs:DescribeLogStreams\"],\"Effect\":\"Allow\",\"Resource\":[\"arn:aws:logs:*:*:*\"]}],\"Version\":\"2012-10-17\"}",
            "policy_id": "ANPA2UICVQQCSAVSZGLCE",
            "tags": null,
            "tags_all": {}
          },
          "sensitive_attributes": [],
          "private": "bnVsbA=="
        }
      ]
    },
    {
      "mode": "managed",
      "type": "aws_iam_role",
      "name": "cd_dlm_lf_role",
      "provider": "provider[\"registry.terraform.io/hashicorp/aws\"]",
      "instances": [
        {
          "schema_version": 0,
          "attributes": {
            "arn": "arn:aws:iam::730686915589:role/cd-dlm-lf-role",
            "assume_role_policy": "{\"Version\":\"2012-10-17\",\"Statement\":[{\"Sid\":\"\",\"Effect\":\"Allow\",\"Principal\":{\"Service\":\"dlm.amazonaws.com\"},\"Action\":\"sts:AssumeRole\"}]}",
            "create_date": "2021-12-27T02:04:05Z",
            "description": "",
            "force_detach_policies": false,
            "id": "cd-dlm-lf-role",
            "inline_policy": [
              {
                "name": "",
                "policy": ""
              }
            ],
            "managed_policy_arns": [],
            "max_session_duration": 3600,
            "name": "cd-dlm-lf-role",
            "name_prefix": "",
            "path": "/",
            "permissions_boundary": null,
            "tags": null,
            "tags_all": {},
            "unique_id": "AROA2UICVQQCUHBZCFL5K"
          },
          "sensitive_attributes": [],
          "private": "bnVsbA=="
        }
      ]
    },
    {
      "mode": "managed",
      "type": "aws_iam_role",
      "name": "cd_role",
      "provider": "provider[\"registry.terraform.io/hashicorp/aws\"]",
      "instances": [
        {
          "schema_version": 0,
          "attributes": {
            "arn": "arn:aws:iam::730686915589:role/cd-role",
            "assume_role_policy": "{\"Version\":\"2012-10-17\",\"Statement\":[{\"Sid\":\"\",\"Effect\":\"Allow\",\"Principal\":{\"Service\":\"ec2.amazonaws.com\"},\"Action\":\"sts:AssumeRole\"}]}",
            "create_date": "2021-12-27T02:04:05Z",
            "description": "",
            "force_detach_policies": false,
            "id": "cd-role",
            "inline_policy": [
              {
                "name": "",
                "policy": ""
              }
            ],
            "managed_policy_arns": [],
            "max_session_duration": 3600,
            "name": "cd-role",
            "name_prefix": "",
            "path": "/",
            "permissions_boundary": null,
            "tags": null,
            "tags_all": {},
            "unique_id": "AROA2UICVQQCWNB3HUXLI"
          },
          "sensitive_attributes": [],
          "private": "bnVsbA=="
        }
      ]
    },
    {
      "mode": "managed",
      "type": "aws_iam_role_policy",
      "name": "cd_dlm_lf_policy",
      "provider": "provider[\"registry.terraform.io/hashicorp/aws\"]",
      "instances": [
        {
          "schema_version": 0,
          "attributes": {
            "id": "cd-dlm-lf-role:cd-dlm-lf-policy",
            "name": "cd-dlm-lf-policy",
            "name_prefix": null,
            "policy": "{\r\n   \"Version\": \"2012-10-17\",\r\n   \"Statement\": [\r\n      {\r\n         \"Effect\": \"Allow\",\r\n         \"Action\": [\r\n            \"ec2:CreateSnapshot\",\r\n            \"ec2:DeleteSnapshot\",\r\n            \"ec2:DescribeInstances\",\r\n            \"ec2:DescribeVolumes\",\r\n            \"ec2:DescribeSnapshots\"\r\n         ],\r\n         \"Resource\": \"*\"\r\n      },\r\n      {\r\n         \"Effect\": \"Allow\",\r\n         \"Action\": [\r\n            \"ec2:CreateTags\"\r\n         ],\r\n         \"Resource\": \"arn:aws:ec2:*::snapshot/*\"\r\n      }\r\n   ]\r\n}\r\n",
            "role": "cd-dlm-lf-role"
          },
          "sensitive_attributes": [],
          "private": "bnVsbA==",
          "dependencies": [
            "aws_iam_role.cd_dlm_lf_role"
          ]
        }
      ]
    },
    {
      "mode": "managed",
      "type": "aws_iam_role_policy",
      "name": "cd_policy",
      "provider": "provider[\"registry.terraform.io/hashicorp/aws\"]",
      "instances": [
        {
          "schema_version": 0,
          "attributes": {
            "id": "cd-role:cd-policy",
            "name": "cd-policy",
            "name_prefix": null,
            "policy": "{\"Statement\":[{\"Action\":[\"cloudwatch:PutMetricData\",\"ec2:DescribeVolumes\",\"ec2:DescribeTags\",\"logs:PutLogEvents\",\"logs:DescribeLogStreams\",\"logs:DescribeLogGroups\",\"logs:CreateLogStream\",\"logs:CreateLogGroup\",\"s3:PutObject\"],\"Effect\":\"Allow\",\"Resource\":\"*\"}],\"Version\":\"2012-10-17\"}",
            "role": "cd-role"
          },
          "sensitive_attributes": [],
          "private": "bnVsbA==",
          "dependencies": [
            "aws_iam_role.cd_role"
          ]
        }
      ]
    },
    {
      "mode": "managed",
      "type": "aws_instance",
      "name": "cd_bastion",
      "provider": "provider[\"registry.terraform.io/hashicorp/aws\"]",
      "instances": [
        {
          "schema_version": 1,
          "attributes": {
            "ami": "ami-0263588f2531a56bd",
            "arn": "arn:aws:ec2:ap-northeast-2:730686915589:instance/i-021e2c055070ff70f",
            "associate_public_ip_address": false,
            "availability_zone": "ap-northeast-2a",
            "capacity_reservation_specification": [
              {
                "capacity_reservation_preference": "open",
                "capacity_reservation_target": []
              }
            ],
            "cpu_core_count": 1,
            "cpu_threads_per_core": 1,
            "credit_specification": [
              {
                "cpu_credits": "unlimited"
              }
            ],
            "disable_api_termination": false,
            "ebs_block_device": [],
            "ebs_optimized": false,
            "enclave_options": [
              {
                "enabled": false
              }
            ],
            "ephemeral_block_device": [],
            "get_password_data": false,
            "hibernation": false,
            "host_id": null,
            "iam_instance_profile": "ec2-cd",
            "id": "i-021e2c055070ff70f",
            "instance_initiated_shutdown_behavior": "stop",
            "instance_state": "running",
            "instance_type": "t2.micro",
            "ipv6_address_count": 0,
            "ipv6_addresses": [],
            "key_name": "id_rsa",
            "launch_template": [],
            "metadata_options": [
              {
                "http_endpoint": "enabled",
                "http_put_response_hop_limit": 1,
                "http_tokens": "optional"
              }
            ],
            "monitoring": false,
            "network_interface": [],
            "outpost_arn": "",
            "password_data": "",
            "placement_group": "",
            "placement_partition_number": null,
            "primary_network_interface_id": "eni-05371e22f5b5fdd6e",
            "private_dns": "ip-192-168-0-11.ap-northeast-2.compute.internal",
            "private_ip": "192.168.0.11",
            "public_dns": "",
            "public_ip": "",
            "root_block_device": [
              {
                "delete_on_termination": true,
                "device_name": "/dev/xvda",
                "encrypted": false,
                "iops": 100,
                "kms_key_id": "",
                "tags": null,
                "throughput": 0,
                "volume_id": "vol-0d3b8e1b1397fe2be",
                "volume_size": 30,
                "volume_type": "gp2"
              }
            ],
            "secondary_private_ips": [],
            "security_groups": [],
            "source_dest_check": true,
            "subnet_id": "subnet-08a2c99ab49bb2ce5",
            "tags": {
              "Name": "cd-bastion"
            },
            "tags_all": {
              "Name": "cd-bastion"
            },
            "tenancy": "default",
            "timeouts": null,
            "user_data": "ca7051414596abf132ed4302ed12f1866160db85",
            "user_data_base64": null,
            "volume_tags": null,
            "vpc_security_group_ids": [
              "sg-08a3f1a20dc22c7a2"
            ]
          },
          "sensitive_attributes": [],
          "private": "eyJlMmJmYjczMC1lY2FhLTExZTYtOGY4OC0zNDM2M2JjN2M0YzAiOnsiY3JlYXRlIjo2MDAwMDAwMDAwMDAsImRlbGV0ZSI6MTIwMDAwMDAwMDAwMCwidXBkYXRlIjo2MDAwMDAwMDAwMDB9LCJzY2hlbWFfdmVyc2lvbiI6IjEifQ==",
          "dependencies": [
            "aws_instance.web",
            "aws_security_group.sg_alb",
            "aws_security_group.sg_bastion",
            "aws_security_group.sg_web",
            "aws_subnet.cd_priweb1",
            "aws_subnet.cd_pub1",
            "aws_vpc.cd_vpc",
            "time_sleep.wait_bastion"
          ]
        }
      ]
    },
    {
      "mode": "managed",
      "type": "aws_instance",
      "name": "was",
      "provider": "provider[\"registry.terraform.io/hashicorp/aws\"]",
      "instances": [
        {
          "schema_version": 1,
          "attributes": {
            "ami": "ami-0263588f2531a56bd",
            "arn": "arn:aws:ec2:ap-northeast-2:730686915589:instance/i-0d5c63f85d5fa6311",
            "associate_public_ip_address": false,
            "availability_zone": "ap-northeast-2a",
            "capacity_reservation_specification": [
              {
                "capacity_reservation_preference": "open",
                "capacity_reservation_target": []
              }
            ],
            "cpu_core_count": 1,
            "cpu_threads_per_core": 2,
            "credit_specification": [
              {
                "cpu_credits": "unlimited"
              }
            ],
            "disable_api_termination": false,
            "ebs_block_device": [],
            "ebs_optimized": false,
            "enclave_options": [
              {
                "enabled": false
              }
            ],
            "ephemeral_block_device": [],
            "get_password_data": false,
            "hibernation": false,
            "host_id": null,
            "iam_instance_profile": "",
            "id": "i-0d5c63f85d5fa6311",
            "instance_initiated_shutdown_behavior": "stop",
            "instance_state": "running",
            "instance_type": "t3.medium",
            "ipv6_address_count": 0,
            "ipv6_addresses": [],
            "key_name": "id_rsa",
            "launch_template": [],
            "metadata_options": [
              {
                "http_endpoint": "enabled",
                "http_put_response_hop_limit": 1,
                "http_tokens": "optional"
              }
            ],
            "monitoring": false,
            "network_interface": [],
            "outpost_arn": "",
            "password_data": "",
            "placement_group": "",
            "placement_partition_number": null,
            "primary_network_interface_id": "eni-043429f3b5336bfaa",
            "private_dns": "ip-192-168-4-11.ap-northeast-2.compute.internal",
            "private_ip": "192.168.4.11",
            "public_dns": "",
            "public_ip": "",
            "root_block_device": [
              {
                "delete_on_termination": true,
                "device_name": "/dev/xvda",
                "encrypted": false,
                "iops": 100,
                "kms_key_id": "",
                "tags": {},
                "throughput": 0,
                "volume_id": "vol-0607bd3d0734e347a",
                "volume_size": 8,
                "volume_type": "gp2"
              }
            ],
            "secondary_private_ips": [],
            "security_groups": [],
            "source_dest_check": true,
            "subnet_id": "subnet-0200a2e1b3d375db1",
            "tags": {
              "Name": "cd-was"
            },
            "tags_all": {
              "Name": "cd-was"
            },
            "tenancy": "default",
            "timeouts": null,
            "user_data": "60e4dcc46b30b9160e17e45ba70059349d084191",
            "user_data_base64": null,
            "volume_tags": null,
            "vpc_security_group_ids": [
              "sg-03e82ba39f97a0c5b"
            ]
          },
          "sensitive_attributes": [],
          "private": "eyJlMmJmYjczMC1lY2FhLTExZTYtOGY4OC0zNDM2M2JjN2M0YzAiOnsiY3JlYXRlIjo2MDAwMDAwMDAwMDAsImRlbGV0ZSI6MTIwMDAwMDAwMDAwMCwidXBkYXRlIjo2MDAwMDAwMDAwMDB9LCJzY2hlbWFfdmVyc2lvbiI6IjEifQ==",
          "dependencies": [
            "aws_security_group.sg_bastion",
            "aws_security_group.sg_was",
            "aws_subnet.cd_priwas1",
            "aws_vpc.cd_vpc"
          ]
        }
      ]
    },
    {
      "mode": "managed",
      "type": "aws_instance",
      "name": "web",
      "provider": "provider[\"registry.terraform.io/hashicorp/aws\"]",
      "instances": [
        {
          "schema_version": 1,
          "attributes": {
            "ami": "ami-0263588f2531a56bd",
            "arn": "arn:aws:ec2:ap-northeast-2:730686915589:instance/i-0473a7a982066cd9c",
            "associate_public_ip_address": false,
            "availability_zone": "ap-northeast-2a",
            "capacity_reservation_specification": [
              {
                "capacity_reservation_preference": "open",
                "capacity_reservation_target": []
              }
            ],
            "cpu_core_count": 1,
            "cpu_threads_per_core": 1,
            "credit_specification": [
              {
                "cpu_credits": "standard"
              }
            ],
            "disable_api_termination": false,
            "ebs_block_device": [],
            "ebs_optimized": false,
            "enclave_options": [
              {
                "enabled": false
              }
            ],
            "ephemeral_block_device": [],
            "get_password_data": false,
            "hibernation": false,
            "host_id": null,
            "iam_instance_profile": "",
            "id": "i-0473a7a982066cd9c",
            "instance_initiated_shutdown_behavior": "stop",
            "instance_state": "running",
            "instance_type": "t2.micro",
            "ipv6_address_count": 0,
            "ipv6_addresses": [],
            "key_name": "id_rsa",
            "launch_template": [],
            "metadata_options": [
              {
                "http_endpoint": "enabled",
                "http_put_response_hop_limit": 1,
                "http_tokens": "optional"
              }
            ],
            "monitoring": false,
            "network_interface": [],
            "outpost_arn": "",
            "password_data": "",
            "placement_group": "",
            "placement_partition_number": null,
            "primary_network_interface_id": "eni-00676c48d1d177045",
            "private_dns": "ip-192-168-2-11.ap-northeast-2.compute.internal",
            "private_ip": "192.168.2.11",
            "public_dns": "",
            "public_ip": "",
            "root_block_device": [
              {
                "delete_on_termination": true,
                "device_name": "/dev/xvda",
                "encrypted": false,
                "iops": 100,
                "kms_key_id": "",
                "tags": {},
                "throughput": 0,
                "volume_id": "vol-04174c0406c8fbd0d",
                "volume_size": 8,
                "volume_type": "gp2"
              }
            ],
            "secondary_private_ips": [],
            "security_groups": [],
            "source_dest_check": true,
            "subnet_id": "subnet-0031c5f42f3f32954",
            "tags": {
              "Name": "cd-web"
            },
            "tags_all": {
              "Name": "cd-web"
            },
            "tenancy": "default",
            "timeouts": null,
            "user_data": "60e4dcc46b30b9160e17e45ba70059349d084191",
            "user_data_base64": null,
            "volume_tags": null,
            "vpc_security_group_ids": [
              "sg-008fc08e8e8b7a8f5"
            ]
          },
          "sensitive_attributes": [],
          "private": "eyJlMmJmYjczMC1lY2FhLTExZTYtOGY4OC0zNDM2M2JjN2M0YzAiOnsiY3JlYXRlIjo2MDAwMDAwMDAwMDAsImRlbGV0ZSI6MTIwMDAwMDAwMDAwMCwidXBkYXRlIjo2MDAwMDAwMDAwMDB9LCJzY2hlbWFfdmVyc2lvbiI6IjEifQ==",
          "dependencies": [
            "aws_security_group.sg_alb",
            "aws_security_group.sg_bastion",
            "aws_security_group.sg_web",
            "aws_subnet.cd_priweb1",
            "aws_vpc.cd_vpc"
          ]
        }
      ]
    },
    {
      "mode": "managed",
      "type": "aws_internet_gateway",
      "name": "cd_ig",
      "provider": "provider[\"registry.terraform.io/hashicorp/aws\"]",
      "instances": [
        {
          "schema_version": 0,
          "attributes": {
            "arn": "arn:aws:ec2:ap-northeast-2:730686915589:internet-gateway/igw-017090bcf914c8e23",
            "id": "igw-017090bcf914c8e23",
            "owner_id": "730686915589",
            "tags": {
              "Name": "cd-ig"
            },
            "tags_all": {
              "Name": "cd-ig"
            },
            "vpc_id": "vpc-074600d50f20af521"
          },
          "sensitive_attributes": [],
          "private": "bnVsbA==",
          "dependencies": [
            "aws_vpc.cd_vpc"
          ]
        }
      ]
    },
    {
      "mode": "managed",
      "type": "aws_key_pair",
      "name": "id_rsa",
      "provider": "provider[\"registry.terraform.io/hashicorp/aws\"]",
      "instances": [
        {
          "schema_version": 1,
          "attributes": {
            "arn": "arn:aws:ec2:ap-northeast-2:730686915589:key-pair/id_rsa",
            "fingerprint": "8c:83:9d:24:03:5d:d7:37:b2:32:44:fd:fc:28:1c:45",
            "id": "id_rsa",
            "key_name": "id_rsa",
            "key_name_prefix": "",
            "key_pair_id": "key-0bb434eaf0b469819",
            "public_key": "ssh-rsa AAAAB3NzaC1yc2EAAAADAQABAAABgQDb/pTiCGc+28vJNNKwb3tsPodT3pbSZ/4eI8wCYyuP0QbSOh0jiF4BDJ1J3/p5oEdjHxDeOFan2tZPeSICoX3kmV7rqi4AX7Wkh0aARTVqJIR18q044oIMTBUy68bQpJKQQAaTGPRLBoG0oUzOVkmho6P0B30HmiB+zdrginqRfJUbA6t9LPNWjEUJ6VOge3nc3LI/AVCoztxajKUg7wiRIxo1jK1mP852cPFLcH58cR79tJBYwezzaVDM1k6A2D7orZ+aC88vmQxwWq61L5YEgAuAsQ7RRwKHNTFyNAYQfyyLPCp3fVaZjUvK5ypWhKF5TczC+UeNH35mDTgzopwoL6Hht4sDVOEGl5xrlKoE/Wl2MKNwEeTIjOSLWbnElRePtiLR9oxJkrb+qCGxRuEKKKcWZXmCPOAJm2RwA6xoO46inTEpHcaEjNNqPOmb0WAl6qgoQvDjnNxwfT9LWgOz2ArUkWp2h6ASNxYrpMCAuHJFxBjqWXAJmFgfOXjC8iM= user@LAPTOP-CISI8I61",
            "tags": null,
            "tags_all": {}
          },
          "sensitive_attributes": [],
          "private": "eyJzY2hlbWFfdmVyc2lvbiI6IjEifQ=="
        }
      ]
    },
    {
      "mode": "managed",
      "type": "aws_launch_configuration",
      "name": "cd_waslacf",
      "provider": "provider[\"registry.terraform.io/hashicorp/aws\"]",
      "instances": [
        {
          "schema_version": 0,
          "attributes": {
            "arn": "arn:aws:autoscaling:ap-northeast-2:730686915589:launchConfiguration:b5faa2ef-07e7-403e-9a5c-49bacc55aa8e:launchConfigurationName/cd-waslacf",
            "associate_public_ip_address": false,
            "ebs_block_device": [],
            "ebs_optimized": false,
            "enable_monitoring": true,
            "ephemeral_block_device": [],
            "iam_instance_profile": "ec2-cd",
            "id": "cd-waslacf",
            "image_id": "ami-0866d0d32af2a32e1",
            "instance_type": "t3.medium",
            "key_name": "id_rsa",
            "metadata_options": [],
            "name": "cd-waslacf",
            "name_prefix": "",
            "placement_tenancy": null,
            "root_block_device": [],
            "security_groups": [
              "sg-03e82ba39f97a0c5b"
            ],
            "spot_price": "",
            "user_data": "f1a23d495752b64d559ee1dd88dbf34a13cd2f3e",
            "user_data_base64": null,
            "vpc_classic_link_id": "",
            "vpc_classic_link_security_groups": null
          },
          "sensitive_attributes": [],
          "private": "bnVsbA==",
          "dependencies": [
            "aws_ami_from_instance.ami_was",
            "aws_instance.cd_bastion",
            "aws_instance.was",
            "aws_instance.web",
            "aws_security_group.sg_alb",
            "aws_security_group.sg_bastion",
            "aws_security_group.sg_was",
            "aws_security_group.sg_web",
            "aws_subnet.cd_priwas1",
            "aws_subnet.cd_priweb1",
            "aws_subnet.cd_pub1",
            "aws_vpc.cd_vpc",
            "time_sleep.wait_bastion",
            "time_sleep.wait_was"
          ]
        }
      ]
    },
    {
      "mode": "managed",
      "type": "aws_launch_configuration",
      "name": "cd_weblacf",
      "provider": "provider[\"registry.terraform.io/hashicorp/aws\"]",
      "instances": [
        {
          "schema_version": 0,
          "attributes": {
            "arn": "arn:aws:autoscaling:ap-northeast-2:730686915589:launchConfiguration:5066f265-13dd-4ad5-9c71-b7b3046549ca:launchConfigurationName/cd-weblacf",
            "associate_public_ip_address": false,
            "ebs_block_device": [],
            "ebs_optimized": false,
            "enable_monitoring": true,
            "ephemeral_block_device": [],
            "iam_instance_profile": "ec2-cd",
            "id": "cd-weblacf",
            "image_id": "ami-0be2000bf82cfe14c",
            "instance_type": "t2.micro",
            "key_name": "id_rsa",
            "metadata_options": [],
            "name": "cd-weblacf",
            "name_prefix": "",
            "placement_tenancy": null,
            "root_block_device": [],
            "security_groups": [
              "sg-008fc08e8e8b7a8f5"
            ],
            "spot_price": "",
            "user_data": "bd114f6de5588738dd994a045dc1425e832cb3eb",
            "user_data_base64": null,
            "vpc_classic_link_id": "",
            "vpc_classic_link_security_groups": null
          },
          "sensitive_attributes": [],
          "private": "bnVsbA==",
          "dependencies": [
            "aws_ami_from_instance.ami_web",
            "aws_instance.web",
            "aws_security_group.sg_alb",
            "aws_security_group.sg_bastion",
            "aws_security_group.sg_web",
            "aws_subnet.cd_priweb1",
            "aws_vpc.cd_vpc",
            "time_sleep.wait_web"
          ]
        }
      ]
    },
    {
      "mode": "managed",
      "type": "aws_lb",
      "name": "cd_alb",
      "provider": "provider[\"registry.terraform.io/hashicorp/aws\"]",
      "instances": [
        {
          "schema_version": 0,
          "attributes": {
            "access_logs": [
              {
                "bucket": "cd-log-bucket1230",
                "enabled": true,
                "prefix": ""
              }
            ],
            "arn": "arn:aws:elasticloadbalancing:ap-northeast-2:730686915589:loadbalancer/app/cd-alb/a3233881be23c46c",
            "arn_suffix": "app/cd-alb/a3233881be23c46c",
            "customer_owned_ipv4_pool": "",
            "desync_mitigation_mode": "defensive",
            "dns_name": "cd-alb-2009149599.ap-northeast-2.elb.amazonaws.com",
            "drop_invalid_header_fields": false,
            "enable_cross_zone_load_balancing": null,
            "enable_deletion_protection": false,
            "enable_http2": true,
            "enable_waf_fail_open": false,
            "id": "arn:aws:elasticloadbalancing:ap-northeast-2:730686915589:loadbalancer/app/cd-alb/a3233881be23c46c",
            "idle_timeout": 60,
            "internal": false,
            "ip_address_type": "ipv4",
            "load_balancer_type": "application",
            "name": "cd-alb",
            "name_prefix": null,
            "security_groups": [
              "sg-00ce15477652c5508"
            ],
            "subnet_mapping": [
              {
                "allocation_id": "",
                "ipv6_address": "",
                "outpost_id": "",
                "private_ipv4_address": "",
                "subnet_id": "subnet-05462fde02b5e7b1e"
              },
              {
                "allocation_id": "",
                "ipv6_address": "",
                "outpost_id": "",
                "private_ipv4_address": "",
                "subnet_id": "subnet-08a2c99ab49bb2ce5"
              }
            ],
            "subnets": [
              "subnet-05462fde02b5e7b1e",
              "subnet-08a2c99ab49bb2ce5"
            ],
            "tags": {
              "Name": "cd-alb"
            },
            "tags_all": {
              "Name": "cd-alb"
            },
            "timeouts": null,
            "vpc_id": "vpc-074600d50f20af521",
            "zone_id": "ZWKZPGTI48KDX"
          },
          "sensitive_attributes": [],
          "private": "eyJlMmJmYjczMC1lY2FhLTExZTYtOGY4OC0zNDM2M2JjN2M0YzAiOnsiY3JlYXRlIjo2MDAwMDAwMDAwMDAsImRlbGV0ZSI6NjAwMDAwMDAwMDAwLCJ1cGRhdGUiOjYwMDAwMDAwMDAwMH19",
          "dependencies": [
            "aws_s3_bucket.cd_log_bucket",
            "aws_security_group.sg_alb",
            "aws_subnet.cd_pub1",
            "aws_subnet.cd_pub2",
            "aws_vpc.cd_vpc"
          ]
        }
      ]
    },
    {
      "mode": "managed",
      "type": "aws_lb",
      "name": "cd_nlb",
      "provider": "provider[\"registry.terraform.io/hashicorp/aws\"]",
      "instances": [
        {
          "schema_version": 0,
          "attributes": {
            "access_logs": [
              {
                "bucket": "",
                "enabled": false,
                "prefix": ""
              }
            ],
            "arn": "arn:aws:elasticloadbalancing:ap-northeast-2:730686915589:loadbalancer/net/cd-nlb/4c6240924f5cee38",
            "arn_suffix": "net/cd-nlb/4c6240924f5cee38",
            "customer_owned_ipv4_pool": "",
            "desync_mitigation_mode": null,
            "dns_name": "cd-nlb-4c6240924f5cee38.elb.ap-northeast-2.amazonaws.com",
            "drop_invalid_header_fields": null,
            "enable_cross_zone_load_balancing": false,
            "enable_deletion_protection": false,
            "enable_http2": null,
            "enable_waf_fail_open": null,
            "id": "arn:aws:elasticloadbalancing:ap-northeast-2:730686915589:loadbalancer/net/cd-nlb/4c6240924f5cee38",
            "idle_timeout": null,
            "internal": true,
            "ip_address_type": "ipv4",
            "load_balancer_type": "network",
            "name": "cd-nlb",
            "name_prefix": null,
            "security_groups": [],
            "subnet_mapping": [
              {
                "allocation_id": "",
                "ipv6_address": "",
                "outpost_id": "",
                "private_ipv4_address": "",
                "subnet_id": "subnet-0031c5f42f3f32954"
              },
              {
                "allocation_id": "",
                "ipv6_address": "",
                "outpost_id": "",
                "private_ipv4_address": "",
                "subnet_id": "subnet-038af23e998e027c0"
              }
            ],
            "subnets": [
              "subnet-0031c5f42f3f32954",
              "subnet-038af23e998e027c0"
            ],
            "tags": null,
            "tags_all": {},
            "timeouts": null,
            "vpc_id": "vpc-074600d50f20af521",
            "zone_id": "ZIBE1TIR4HY56"
          },
          "sensitive_attributes": [],
          "private": "eyJlMmJmYjczMC1lY2FhLTExZTYtOGY4OC0zNDM2M2JjN2M0YzAiOnsiY3JlYXRlIjo2MDAwMDAwMDAwMDAsImRlbGV0ZSI6NjAwMDAwMDAwMDAwLCJ1cGRhdGUiOjYwMDAwMDAwMDAwMH19",
          "dependencies": [
            "aws_subnet.cd_priweb1",
            "aws_subnet.cd_priweb2",
            "aws_vpc.cd_vpc"
          ]
        }
      ]
    },
    {
      "mode": "managed",
      "type": "aws_lb_listener",
      "name": "cd_alblis",
      "provider": "provider[\"registry.terraform.io/hashicorp/aws\"]",
      "instances": [
        {
          "schema_version": 0,
          "attributes": {
            "alpn_policy": null,
            "arn": "arn:aws:elasticloadbalancing:ap-northeast-2:730686915589:listener/app/cd-alb/a3233881be23c46c/49ce7610ab867c4a",
            "certificate_arn": null,
            "default_action": [
              {
                "authenticate_cognito": [],
                "authenticate_oidc": [],
                "fixed_response": [],
                "forward": [],
                "order": 1,
                "redirect": [],
                "target_group_arn": "arn:aws:elasticloadbalancing:ap-northeast-2:730686915589:targetgroup/cd-albtg/d5fd9d9072abb340",
                "type": "forward"
              }
            ],
            "id": "arn:aws:elasticloadbalancing:ap-northeast-2:730686915589:listener/app/cd-alb/a3233881be23c46c/49ce7610ab867c4a",
            "load_balancer_arn": "arn:aws:elasticloadbalancing:ap-northeast-2:730686915589:loadbalancer/app/cd-alb/a3233881be23c46c",
            "port": 80,
            "protocol": "HTTP",
            "ssl_policy": "",
            "tags": null,
            "tags_all": {},
            "timeouts": null
          },
          "sensitive_attributes": [],
          "private": "eyJlMmJmYjczMC1lY2FhLTExZTYtOGY4OC0zNDM2M2JjN2M0YzAiOnsicmVhZCI6NjAwMDAwMDAwMDAwfX0=",
          "dependencies": [
            "aws_lb.cd_alb",
            "aws_lb_target_group.cd_albtg",
            "aws_s3_bucket.cd_log_bucket",
            "aws_security_group.sg_alb",
            "aws_subnet.cd_pub1",
            "aws_subnet.cd_pub2",
            "aws_vpc.cd_vpc"
          ]
        }
      ]
    },
    {
      "mode": "managed",
      "type": "aws_lb_listener",
      "name": "cd_nlblis",
      "provider": "provider[\"registry.terraform.io/hashicorp/aws\"]",
      "instances": [
        {
          "schema_version": 0,
          "attributes": {
            "alpn_policy": null,
            "arn": "arn:aws:elasticloadbalancing:ap-northeast-2:730686915589:listener/net/cd-nlb/4c6240924f5cee38/dc946702ab61d2b2",
            "certificate_arn": null,
            "default_action": [
              {
                "authenticate_cognito": [],
                "authenticate_oidc": [],
                "fixed_response": [],
                "forward": [],
                "order": 1,
                "redirect": [],
                "target_group_arn": "arn:aws:elasticloadbalancing:ap-northeast-2:730686915589:targetgroup/cd-nlbtg/121897a0be53f262",
                "type": "forward"
              }
            ],
            "id": "arn:aws:elasticloadbalancing:ap-northeast-2:730686915589:listener/net/cd-nlb/4c6240924f5cee38/dc946702ab61d2b2",
            "load_balancer_arn": "arn:aws:elasticloadbalancing:ap-northeast-2:730686915589:loadbalancer/net/cd-nlb/4c6240924f5cee38",
            "port": 8080,
            "protocol": "TCP",
            "ssl_policy": "",
            "tags": null,
            "tags_all": {},
            "timeouts": null
          },
          "sensitive_attributes": [],
          "private": "eyJlMmJmYjczMC1lY2FhLTExZTYtOGY4OC0zNDM2M2JjN2M0YzAiOnsicmVhZCI6NjAwMDAwMDAwMDAwfX0=",
          "dependencies": [
            "aws_lb.cd_nlb",
            "aws_lb_target_group.cd_nlbtg",
            "aws_subnet.cd_priweb1",
            "aws_subnet.cd_priweb2",
            "aws_vpc.cd_vpc"
          ]
        }
      ]
    },
    {
      "mode": "managed",
      "type": "aws_lb_target_group",
      "name": "cd_albtg",
      "provider": "provider[\"registry.terraform.io/hashicorp/aws\"]",
      "instances": [
        {
          "schema_version": 0,
          "attributes": {
            "arn": "arn:aws:elasticloadbalancing:ap-northeast-2:730686915589:targetgroup/cd-albtg/d5fd9d9072abb340",
            "arn_suffix": "targetgroup/cd-albtg/d5fd9d9072abb340",
            "connection_termination": false,
            "deregistration_delay": "300",
            "health_check": [
              {
                "enabled": true,
                "healthy_threshold": 3,
                "interval": 5,
                "matcher": "200",
                "path": "/health.html",
                "port": "traffic-port",
                "protocol": "HTTP",
                "timeout": 2,
                "unhealthy_threshold": 2
              }
            ],
            "id": "arn:aws:elasticloadbalancing:ap-northeast-2:730686915589:targetgroup/cd-albtg/d5fd9d9072abb340",
            "lambda_multi_value_headers_enabled": false,
            "load_balancing_algorithm_type": "round_robin",
            "name": "cd-albtg",
            "name_prefix": null,
            "port": 80,
            "preserve_client_ip": null,
            "protocol": "HTTP",
            "protocol_version": "HTTP1",
            "proxy_protocol_v2": false,
            "slow_start": 0,
            "stickiness": [
              {
                "cookie_duration": 86400,
                "cookie_name": "",
                "enabled": false,
                "type": "lb_cookie"
              }
            ],
            "tags": null,
            "tags_all": {},
            "target_type": "instance",
            "vpc_id": "vpc-074600d50f20af521"
          },
          "sensitive_attributes": [],
          "private": "bnVsbA==",
          "dependencies": [
            "aws_vpc.cd_vpc"
          ]
        }
      ]
    },
    {
      "mode": "managed",
      "type": "aws_lb_target_group",
      "name": "cd_nlbtg",
      "provider": "provider[\"registry.terraform.io/hashicorp/aws\"]",
      "instances": [
        {
          "schema_version": 0,
          "attributes": {
            "arn": "arn:aws:elasticloadbalancing:ap-northeast-2:730686915589:targetgroup/cd-nlbtg/121897a0be53f262",
            "arn_suffix": "targetgroup/cd-nlbtg/121897a0be53f262",
            "connection_termination": false,
            "deregistration_delay": "300",
            "health_check": [
              {
                "enabled": true,
                "healthy_threshold": 3,
                "interval": 30,
                "matcher": "",
                "path": "",
                "port": "traffic-port",
                "protocol": "TCP",
                "timeout": 10,
                "unhealthy_threshold": 3
              }
            ],
            "id": "arn:aws:elasticloadbalancing:ap-northeast-2:730686915589:targetgroup/cd-nlbtg/121897a0be53f262",
            "lambda_multi_value_headers_enabled": false,
            "load_balancing_algorithm_type": null,
            "name": "cd-nlbtg",
            "name_prefix": null,
            "port": 8080,
            "preserve_client_ip": "true",
            "protocol": "TCP",
            "protocol_version": null,
            "proxy_protocol_v2": false,
            "slow_start": 0,
            "stickiness": [
              {
                "cookie_duration": 0,
                "cookie_name": "",
                "enabled": false,
                "type": "source_ip"
              }
            ],
            "tags": null,
            "tags_all": {},
            "target_type": "instance",
            "vpc_id": "vpc-074600d50f20af521"
          },
          "sensitive_attributes": [],
          "private": "bnVsbA==",
          "dependencies": [
            "aws_vpc.cd_vpc"
          ]
        }
      ]
    },
    {
      "mode": "managed",
      "type": "aws_nat_gateway",
      "name": "cd_ngw",
      "provider": "provider[\"registry.terraform.io/hashicorp/aws\"]",
      "instances": [
        {
          "schema_version": 0,
          "attributes": {
            "allocation_id": "eipalloc-08571e1ad48722ece",
            "connectivity_type": "public",
            "id": "nat-0f371469b22335c1e",
            "network_interface_id": "eni-095fcdec639482654",
            "private_ip": "192.168.0.33",
            "public_ip": "15.164.141.254",
            "subnet_id": "subnet-08a2c99ab49bb2ce5",
            "tags": {
              "Name": "cd-ngw"
            },
            "tags_all": {
              "Name": "cd-ngw"
            }
          },
          "sensitive_attributes": [],
          "private": "bnVsbA==",
          "dependencies": [
            "aws_eip.cd_ngw_ip",
            "aws_subnet.cd_pub1",
            "aws_vpc.cd_vpc"
          ]
        }
      ]
    },
    {
      "mode": "managed",
      "type": "aws_placement_group",
      "name": "cd_waspg",
      "provider": "provider[\"registry.terraform.io/hashicorp/aws\"]",
      "instances": [
        {
          "schema_version": 0,
          "attributes": {
            "arn": "arn:aws:ec2:ap-northeast-2:730686915589:placement-group/cd-waspg",
            "id": "cd-waspg",
            "name": "cd-waspg",
            "partition_count": 0,
            "placement_group_id": "pg-0079ad2ab4cd4c283",
            "strategy": "cluster",
            "tags": null,
            "tags_all": {}
          },
          "sensitive_attributes": [],
          "private": "bnVsbA=="
        }
      ]
    },
    {
      "mode": "managed",
      "type": "aws_placement_group",
      "name": "cd_webpg",
      "provider": "provider[\"registry.terraform.io/hashicorp/aws\"]",
      "instances": [
        {
          "schema_version": 0,
          "attributes": {
            "arn": "arn:aws:ec2:ap-northeast-2:730686915589:placement-group/cd-webpg",
            "id": "cd-webpg",
            "name": "cd-webpg",
            "partition_count": 0,
            "placement_group_id": "pg-09b3463439dc4ca23",
            "strategy": "cluster",
            "tags": null,
            "tags_all": {}
          },
          "sensitive_attributes": [],
          "private": "bnVsbA=="
        }
      ]
    },
    {
      "mode": "managed",
      "type": "aws_route",
      "name": "r1",
      "provider": "provider[\"registry.terraform.io/hashicorp/aws\"]",
      "instances": [
        {
          "schema_version": 0,
          "attributes": {
            "carrier_gateway_id": "",
            "destination_cidr_block": "192.168.0.0/16",
            "destination_ipv6_cidr_block": "",
            "destination_prefix_list_id": "",
            "egress_only_gateway_id": "",
            "gateway_id": "",
            "id": "r-rtb-0121713a745817d353901788224",
            "instance_id": "",
            "instance_owner_id": "",
            "local_gateway_id": "",
            "nat_gateway_id": "",
            "network_interface_id": "",
            "origin": "CreateRoute",
            "route_table_id": "rtb-0121713a745817d35",
            "state": "active",
            "timeouts": null,
            "transit_gateway_id": "",
            "vpc_endpoint_id": "",
            "vpc_peering_connection_id": "pcx-0d3e654d9552efd99"
          },
          "sensitive_attributes": [],
          "private": "eyJlMmJmYjczMC1lY2FhLTExZTYtOGY4OC0zNDM2M2JjN2M0YzAiOnsiY3JlYXRlIjozMDAwMDAwMDAwMDAsImRlbGV0ZSI6MzAwMDAwMDAwMDAwLCJ1cGRhdGUiOjEyMDAwMDAwMDAwMH19",
          "dependencies": [
            "aws_vpc.cd_vpc",
            "aws_vpc.cd_vpc_peer",
            "aws_vpc_peering_connection.vpc_peering",
            "data.aws_caller_identity.current"
          ]
        }
      ]
    },
    {
      "mode": "managed",
      "type": "aws_route",
      "name": "r2",
      "provider": "provider[\"registry.terraform.io/hashicorp/aws\"]",
      "instances": [
        {
          "schema_version": 0,
          "attributes": {
            "carrier_gateway_id": "",
            "destination_cidr_block": "10.0.0.0/16",
            "destination_ipv6_cidr_block": "",
            "destination_prefix_list_id": "",
            "egress_only_gateway_id": "",
            "gateway_id": "",
            "id": "r-rtb-00904a49d8a9822a4179966490",
            "instance_id": "",
            "instance_owner_id": "",
            "local_gateway_id": "",
            "nat_gateway_id": "",
            "network_interface_id": "",
            "origin": "CreateRoute",
            "route_table_id": "rtb-00904a49d8a9822a4",
            "state": "active",
            "timeouts": null,
            "transit_gateway_id": "",
            "vpc_endpoint_id": "",
            "vpc_peering_connection_id": "pcx-0d3e654d9552efd99"
          },
          "sensitive_attributes": [],
          "private": "eyJlMmJmYjczMC1lY2FhLTExZTYtOGY4OC0zNDM2M2JjN2M0YzAiOnsiY3JlYXRlIjozMDAwMDAwMDAwMDAsImRlbGV0ZSI6MzAwMDAwMDAwMDAwLCJ1cGRhdGUiOjEyMDAwMDAwMDAwMH19",
          "dependencies": [
            "aws_vpc.cd_vpc",
            "aws_vpc.cd_vpc_peer",
            "aws_vpc_peering_connection.vpc_peering",
            "data.aws_caller_identity.current"
          ]
        }
      ]
    },
    {
      "mode": "managed",
      "type": "aws_route",
      "name": "r3",
      "provider": "provider[\"registry.terraform.io/hashicorp/aws\"]",
      "instances": [
        {
          "schema_version": 0,
          "attributes": {
            "carrier_gateway_id": "",
            "destination_cidr_block": "10.0.0.0/16",
            "destination_ipv6_cidr_block": "",
            "destination_prefix_list_id": "",
            "egress_only_gateway_id": "",
            "gateway_id": "",
            "id": "r-rtb-0e3ad33c76f1cfa9c179966490",
            "instance_id": "",
            "instance_owner_id": "",
            "local_gateway_id": "",
            "nat_gateway_id": "",
            "network_interface_id": "",
            "origin": "CreateRoute",
            "route_table_id": "rtb-0e3ad33c76f1cfa9c",
            "state": "active",
            "timeouts": null,
            "transit_gateway_id": "",
            "vpc_endpoint_id": "",
            "vpc_peering_connection_id": "pcx-0d3e654d9552efd99"
          },
          "sensitive_attributes": [],
          "private": "eyJlMmJmYjczMC1lY2FhLTExZTYtOGY4OC0zNDM2M2JjN2M0YzAiOnsiY3JlYXRlIjozMDAwMDAwMDAwMDAsImRlbGV0ZSI6MzAwMDAwMDAwMDAwLCJ1cGRhdGUiOjEyMDAwMDAwMDAwMH19",
          "dependencies": [
            "aws_internet_gateway.cd_ig",
            "aws_route_table.cd_rt",
            "aws_vpc.cd_vpc",
            "aws_vpc.cd_vpc_peer",
            "aws_vpc_peering_connection.vpc_peering",
            "data.aws_caller_identity.current"
          ]
        }
      ]
    },
    {
      "mode": "managed",
      "type": "aws_route",
      "name": "r4",
      "provider": "provider[\"registry.terraform.io/hashicorp/aws\"]",
      "instances": [
        {
          "schema_version": 0,
          "attributes": {
            "carrier_gateway_id": "",
            "destination_cidr_block": "10.0.0.0/16",
            "destination_ipv6_cidr_block": "",
            "destination_prefix_list_id": "",
            "egress_only_gateway_id": "",
            "gateway_id": "",
            "id": "r-rtb-039b06ce572135bcd179966490",
            "instance_id": "",
            "instance_owner_id": "",
            "local_gateway_id": "",
            "nat_gateway_id": "",
            "network_interface_id": "",
            "origin": "CreateRoute",
            "route_table_id": "rtb-039b06ce572135bcd",
            "state": "active",
            "timeouts": null,
            "transit_gateway_id": "",
            "vpc_endpoint_id": "",
            "vpc_peering_connection_id": "pcx-0d3e654d9552efd99"
          },
          "sensitive_attributes": [],
          "private": "eyJlMmJmYjczMC1lY2FhLTExZTYtOGY4OC0zNDM2M2JjN2M0YzAiOnsiY3JlYXRlIjozMDAwMDAwMDAwMDAsImRlbGV0ZSI6MzAwMDAwMDAwMDAwLCJ1cGRhdGUiOjEyMDAwMDAwMDAwMH19",
          "dependencies": [
            "aws_eip.cd_ngw_ip",
            "aws_nat_gateway.cd_ngw",
            "aws_route_table.cd_ngwrt",
            "aws_subnet.cd_pub1",
            "aws_vpc.cd_vpc",
            "aws_vpc.cd_vpc_peer",
            "aws_vpc_peering_connection.vpc_peering",
            "data.aws_caller_identity.current"
          ]
        }
      ]
    },
    {
      "mode": "managed",
      "type": "aws_route_table",
      "name": "cd_ngwrt",
      "provider": "provider[\"registry.terraform.io/hashicorp/aws\"]",
      "instances": [
        {
          "schema_version": 0,
          "attributes": {
            "arn": "arn:aws:ec2:ap-northeast-2:730686915589:route-table/rtb-039b06ce572135bcd",
            "id": "rtb-039b06ce572135bcd",
            "owner_id": "730686915589",
            "propagating_vgws": [],
            "route": [
              {
                "carrier_gateway_id": "",
                "cidr_block": "0.0.0.0/0",
                "destination_prefix_list_id": "",
                "egress_only_gateway_id": "",
                "gateway_id": "nat-0f371469b22335c1e",
                "instance_id": "",
                "ipv6_cidr_block": "",
                "local_gateway_id": "",
                "nat_gateway_id": "",
                "network_interface_id": "",
                "transit_gateway_id": "",
                "vpc_endpoint_id": "",
                "vpc_peering_connection_id": ""
              }
            ],
            "tags": {
              "Name": "cd-ngwrt"
            },
            "tags_all": {
              "Name": "cd-ngwrt"
            },
            "timeouts": null,
            "vpc_id": "vpc-074600d50f20af521"
          },
          "sensitive_attributes": [],
          "private": "eyJlMmJmYjczMC1lY2FhLTExZTYtOGY4OC0zNDM2M2JjN2M0YzAiOnsiY3JlYXRlIjozMDAwMDAwMDAwMDAsImRlbGV0ZSI6MzAwMDAwMDAwMDAwLCJ1cGRhdGUiOjEyMDAwMDAwMDAwMH19",
          "dependencies": [
            "aws_eip.cd_ngw_ip",
            "aws_nat_gateway.cd_ngw",
            "aws_subnet.cd_pub1",
            "aws_vpc.cd_vpc"
          ]
        }
      ]
    },
    {
      "mode": "managed",
      "type": "aws_route_table",
      "name": "cd_rt",
      "provider": "provider[\"registry.terraform.io/hashicorp/aws\"]",
      "instances": [
        {
          "schema_version": 0,
          "attributes": {
            "arn": "arn:aws:ec2:ap-northeast-2:730686915589:route-table/rtb-0e3ad33c76f1cfa9c",
            "id": "rtb-0e3ad33c76f1cfa9c",
            "owner_id": "730686915589",
            "propagating_vgws": [],
            "route": [
              {
                "carrier_gateway_id": "",
                "cidr_block": "0.0.0.0/0",
                "destination_prefix_list_id": "",
                "egress_only_gateway_id": "",
                "gateway_id": "igw-017090bcf914c8e23",
                "instance_id": "",
                "ipv6_cidr_block": "",
                "local_gateway_id": "",
                "nat_gateway_id": "",
                "network_interface_id": "",
                "transit_gateway_id": "",
                "vpc_endpoint_id": "",
                "vpc_peering_connection_id": ""
              }
            ],
            "tags": {
              "Name": "cd-rt"
            },
            "tags_all": {
              "Name": "cd-rt"
            },
            "timeouts": null,
            "vpc_id": "vpc-074600d50f20af521"
          },
          "sensitive_attributes": [],
          "private": "eyJlMmJmYjczMC1lY2FhLTExZTYtOGY4OC0zNDM2M2JjN2M0YzAiOnsiY3JlYXRlIjozMDAwMDAwMDAwMDAsImRlbGV0ZSI6MzAwMDAwMDAwMDAwLCJ1cGRhdGUiOjEyMDAwMDAwMDAwMH19",
          "dependencies": [
            "aws_internet_gateway.cd_ig",
            "aws_vpc.cd_vpc"
          ]
        }
      ]
    },
    {
      "mode": "managed",
      "type": "aws_route_table_association",
      "name": "cd_igas_pub1",
      "provider": "provider[\"registry.terraform.io/hashicorp/aws\"]",
      "instances": [
        {
          "schema_version": 0,
          "attributes": {
            "gateway_id": "",
            "id": "rtbassoc-0cf538867f1ccf1b0",
            "route_table_id": "rtb-0e3ad33c76f1cfa9c",
            "subnet_id": "subnet-08a2c99ab49bb2ce5"
          },
          "sensitive_attributes": [],
          "private": "bnVsbA==",
          "dependencies": [
            "aws_internet_gateway.cd_ig",
            "aws_route_table.cd_rt",
            "aws_subnet.cd_pub1",
            "aws_vpc.cd_vpc"
          ]
        }
      ]
    },
    {
      "mode": "managed",
      "type": "aws_route_table_association",
      "name": "cd_igas_pub2",
      "provider": "provider[\"registry.terraform.io/hashicorp/aws\"]",
      "instances": [
        {
          "schema_version": 0,
          "attributes": {
            "gateway_id": "",
            "id": "rtbassoc-0ffe2d0001342ecbd",
            "route_table_id": "rtb-0e3ad33c76f1cfa9c",
            "subnet_id": "subnet-05462fde02b5e7b1e"
          },
          "sensitive_attributes": [],
          "private": "bnVsbA==",
          "dependencies": [
            "aws_internet_gateway.cd_ig",
            "aws_route_table.cd_rt",
            "aws_subnet.cd_pub2",
            "aws_vpc.cd_vpc"
          ]
        }
      ]
    },
    {
      "mode": "managed",
      "type": "aws_route_table_association",
      "name": "cd_ngwass_priwas1",
      "provider": "provider[\"registry.terraform.io/hashicorp/aws\"]",
      "instances": [
        {
          "schema_version": 0,
          "attributes": {
            "gateway_id": "",
            "id": "rtbassoc-09e492a437687aa6e",
            "route_table_id": "rtb-039b06ce572135bcd",
            "subnet_id": "subnet-0200a2e1b3d375db1"
          },
          "sensitive_attributes": [],
          "private": "bnVsbA==",
          "dependencies": [
            "aws_eip.cd_ngw_ip",
            "aws_nat_gateway.cd_ngw",
            "aws_route_table.cd_ngwrt",
            "aws_subnet.cd_priwas1",
            "aws_subnet.cd_pub1",
            "aws_vpc.cd_vpc"
          ]
        }
      ]
    },
    {
      "mode": "managed",
      "type": "aws_route_table_association",
      "name": "cd_ngwass_priwas2",
      "provider": "provider[\"registry.terraform.io/hashicorp/aws\"]",
      "instances": [
        {
          "schema_version": 0,
          "attributes": {
            "gateway_id": "",
            "id": "rtbassoc-01388d378cec06fb9",
            "route_table_id": "rtb-039b06ce572135bcd",
            "subnet_id": "subnet-05e97ddb060756eac"
          },
          "sensitive_attributes": [],
          "private": "bnVsbA==",
          "dependencies": [
            "aws_eip.cd_ngw_ip",
            "aws_nat_gateway.cd_ngw",
            "aws_route_table.cd_ngwrt",
            "aws_subnet.cd_priwas2",
            "aws_subnet.cd_pub1",
            "aws_vpc.cd_vpc"
          ]
        }
      ]
    },
    {
      "mode": "managed",
      "type": "aws_route_table_association",
      "name": "cd_ngwass_priweb1",
      "provider": "provider[\"registry.terraform.io/hashicorp/aws\"]",
      "instances": [
        {
          "schema_version": 0,
          "attributes": {
            "gateway_id": "",
            "id": "rtbassoc-0b9c57c637d8792cc",
            "route_table_id": "rtb-039b06ce572135bcd",
            "subnet_id": "subnet-0031c5f42f3f32954"
          },
          "sensitive_attributes": [],
          "private": "bnVsbA==",
          "dependencies": [
            "aws_eip.cd_ngw_ip",
            "aws_nat_gateway.cd_ngw",
            "aws_route_table.cd_ngwrt",
            "aws_subnet.cd_priweb1",
            "aws_subnet.cd_pub1",
            "aws_vpc.cd_vpc"
          ]
        }
      ]
    },
    {
      "mode": "managed",
      "type": "aws_route_table_association",
      "name": "cd_ngwass_priweb2",
      "provider": "provider[\"registry.terraform.io/hashicorp/aws\"]",
      "instances": [
        {
          "schema_version": 0,
          "attributes": {
            "gateway_id": "",
            "id": "rtbassoc-0423a09c9abbc8aec",
            "route_table_id": "rtb-039b06ce572135bcd",
            "subnet_id": "subnet-038af23e998e027c0"
          },
          "sensitive_attributes": [],
          "private": "bnVsbA==",
          "dependencies": [
            "aws_eip.cd_ngw_ip",
            "aws_nat_gateway.cd_ngw",
            "aws_route_table.cd_ngwrt",
            "aws_subnet.cd_priweb2",
            "aws_subnet.cd_pub1",
            "aws_vpc.cd_vpc"
          ]
        }
      ]
    },
    {
      "mode": "managed",
      "type": "aws_s3_bucket",
      "name": "cd_log_bucket",
      "provider": "provider[\"registry.terraform.io/hashicorp/aws\"]",
      "instances": [
        {
          "schema_version": 0,
          "attributes": {
            "acceleration_status": "",
            "acl": "public-read-write",
            "arn": "arn:aws:s3:::cd-log-bucket1230",
            "bucket": "cd-log-bucket1230",
            "bucket_domain_name": "cd-log-bucket1230.s3.amazonaws.com",
            "bucket_prefix": null,
            "bucket_regional_domain_name": "cd-log-bucket1230.s3.ap-northeast-2.amazonaws.com",
            "cors_rule": [],
            "force_destroy": true,
            "grant": [],
            "hosted_zone_id": "Z3W03O7B5YMIYP",
            "id": "cd-log-bucket1230",
            "lifecycle_rule": [],
            "logging": [],
            "object_lock_configuration": [],
            "policy": null,
            "region": "ap-northeast-2",
            "replication_configuration": [],
            "request_payer": "BucketOwner",
            "server_side_encryption_configuration": [],
            "tags": null,
            "tags_all": {},
            "versioning": [
              {
                "enabled": false,
                "mfa_delete": false
              }
            ],
            "website": [],
            "website_domain": null,
            "website_endpoint": null
          },
          "sensitive_attributes": [],
          "private": "bnVsbA=="
        }
      ]
    },
    {
      "mode": "managed",
      "type": "aws_s3_bucket_policy",
      "name": "cd_s3_policy",
      "provider": "provider[\"registry.terraform.io/hashicorp/aws\"]",
      "instances": [
        {
          "schema_version": 0,
          "attributes": {
            "bucket": "cd-log-bucket1230",
            "id": "cd-log-bucket1230",
            "policy": "{\"Id\":\"MYBUCKETPOLICY\",\"Statement\":[{\"Action\":\"s3:PutObject\",\"Effect\":\"Allow\",\"Principal\":{\"AWS\":\"arn:aws:iam::600734575887:root\"},\"Resource\":\"arn:aws:s3:::cd-log-bucket1230/*\"},{\"Action\":\"s3:PutObject\",\"Condition\":{\"StringEquals\":{\"s3:x-amz-acl\":\"bucket-owner-full-control\"}},\"Effect\":\"Allow\",\"Principal\":{\"Service\":\"delivery.logs.amazonaws.com\"},\"Resource\":\"arn:aws:s3:::cd-log-bucket1230/*\"},{\"Action\":\"s3:GetBucketAcl\",\"Effect\":\"Allow\",\"Principal\":{\"Service\":\"delivery.logs.amazonaws.com\"},\"Resource\":\"arn:aws:s3:::cd-log-bucket1230\"},{\"Action\":\"s3:GetBucketAcl\",\"Effect\":\"Allow\",\"Principal\":{\"Service\":\"logs.ap-northeast-2.amazonaws.com\"},\"Resource\":\"arn:aws:s3:::cd-log-bucket1230\"},{\"Action\":\"s3:PutObject\",\"Condition\":{\"StringEquals\":{\"s3:x-amz-acl\":\"bucket-owner-full-control\"}},\"Effect\":\"Allow\",\"Principal\":{\"Service\":\"logs.ap-northeast-2.amazonaws.com\"},\"Resource\":\"arn:aws:s3:::cd-log-bucket1230/*\"}],\"Version\":\"2012-10-17\"}"
          },
          "sensitive_attributes": [],
          "private": "bnVsbA==",
          "dependencies": [
            "aws_s3_bucket.cd_log_bucket"
          ]
        }
      ]
    },
    {
      "mode": "managed",
      "type": "aws_s3_bucket_public_access_block",
      "name": "cd_access_bucket",
      "provider": "provider[\"registry.terraform.io/hashicorp/aws\"]",
      "instances": [
        {
          "schema_version": 0,
          "attributes": {
            "block_public_acls": true,
            "block_public_policy": true,
            "bucket": "cd-log-bucket1230",
            "id": "cd-log-bucket1230",
            "ignore_public_acls": true,
            "restrict_public_buckets": true
          },
          "sensitive_attributes": [],
          "private": "bnVsbA==",
          "dependencies": [
            "aws_s3_bucket.cd_log_bucket"
          ]
        }
      ]
    },
    {
      "mode": "managed",
      "type": "aws_security_group",
      "name": "sg_alb",
      "provider": "provider[\"registry.terraform.io/hashicorp/aws\"]",
      "instances": [
        {
          "schema_version": 1,
          "attributes": {
            "arn": "arn:aws:ec2:ap-northeast-2:730686915589:security-group/sg-00ce15477652c5508",
            "description": "sg for alb",
            "egress": [
              {
                "cidr_blocks": [
                  "0.0.0.0/0"
                ],
                "description": "",
                "from_port": 0,
                "ipv6_cidr_blocks": [
                  "::/0"
                ],
                "prefix_list_ids": [],
                "protocol": "-1",
                "security_groups": [],
                "self": false,
                "to_port": 0
              }
            ],
            "id": "sg-00ce15477652c5508",
            "ingress": [
              {
                "cidr_blocks": [
                  "0.0.0.0/0"
                ],
                "description": "HTTP",
                "from_port": 80,
                "ipv6_cidr_blocks": [
                  "::/0"
                ],
                "prefix_list_ids": [],
                "protocol": "tcp",
                "security_groups": [],
                "self": false,
                "to_port": 80
              },
              {
                "cidr_blocks": [
                  "0.0.0.0/0"
                ],
                "description": "HTTPS",
                "from_port": 443,
                "ipv6_cidr_blocks": [
                  "::/0"
                ],
                "prefix_list_ids": [],
                "protocol": "tcp",
                "security_groups": [],
                "self": false,
                "to_port": 443
              },
              {
                "cidr_blocks": [
                  "0.0.0.0/0"
                ],
                "description": "tomcat",
                "from_port": 8080,
                "ipv6_cidr_blocks": [
                  "::/0"
                ],
                "prefix_list_ids": [],
                "protocol": "tcp",
                "security_groups": [],
                "self": false,
                "to_port": 8080
              }
            ],
            "name": "cd-sg-alb",
            "name_prefix": "",
            "owner_id": "730686915589",
            "revoke_rules_on_delete": false,
            "tags": {
              "Name": "cd-sg-alb"
            },
            "tags_all": {
              "Name": "cd-sg-alb"
            },
            "timeouts": null,
            "vpc_id": "vpc-074600d50f20af521"
          },
          "sensitive_attributes": [],
          "private": "eyJlMmJmYjczMC1lY2FhLTExZTYtOGY4OC0zNDM2M2JjN2M0YzAiOnsiY3JlYXRlIjo2MDAwMDAwMDAwMDAsImRlbGV0ZSI6OTAwMDAwMDAwMDAwfSwic2NoZW1hX3ZlcnNpb24iOiIxIn0=",
          "dependencies": [
            "aws_vpc.cd_vpc"
          ]
        }
      ]
    },
    {
      "mode": "managed",
      "type": "aws_security_group",
      "name": "sg_bastion",
      "provider": "provider[\"registry.terraform.io/hashicorp/aws\"]",
      "instances": [
        {
          "schema_version": 1,
          "attributes": {
            "arn": "arn:aws:ec2:ap-northeast-2:730686915589:security-group/sg-08a3f1a20dc22c7a2",
            "description": "sg for bastion",
            "egress": [
              {
                "cidr_blocks": [
                  "0.0.0.0/0"
                ],
                "description": "",
                "from_port": 0,
                "ipv6_cidr_blocks": [
                  "::/0"
                ],
                "prefix_list_ids": [],
                "protocol": "-1",
                "security_groups": [],
                "self": false,
                "to_port": 0
              }
            ],
            "id": "sg-08a3f1a20dc22c7a2",
            "ingress": [
              {
                "cidr_blocks": [
                  "0.0.0.0/0"
                ],
                "description": "jenkins",
                "from_port": 60010,
                "ipv6_cidr_blocks": [
                  "::/0"
                ],
                "prefix_list_ids": [],
                "protocol": "tcp",
                "security_groups": [],
                "self": false,
                "to_port": 60010
              },
              {
                "cidr_blocks": [
                  "0.0.0.0/0"
                ],
                "description": "ssh",
                "from_port": 22,
                "ipv6_cidr_blocks": [
                  "::/0"
                ],
                "prefix_list_ids": [],
                "protocol": "tcp",
                "security_groups": [],
                "self": false,
                "to_port": 22
              }
            ],
            "name": "cd-sg-bastion",
            "name_prefix": "",
            "owner_id": "730686915589",
            "revoke_rules_on_delete": false,
            "tags": {
              "Name": "cd-sg-bastion"
            },
            "tags_all": {
              "Name": "cd-sg-bastion"
            },
            "timeouts": null,
            "vpc_id": "vpc-074600d50f20af521"
          },
          "sensitive_attributes": [],
          "private": "eyJlMmJmYjczMC1lY2FhLTExZTYtOGY4OC0zNDM2M2JjN2M0YzAiOnsiY3JlYXRlIjo2MDAwMDAwMDAwMDAsImRlbGV0ZSI6OTAwMDAwMDAwMDAwfSwic2NoZW1hX3ZlcnNpb24iOiIxIn0=",
          "dependencies": [
            "aws_vpc.cd_vpc"
          ]
        }
      ]
    },
    {
      "mode": "managed",
      "type": "aws_security_group",
      "name": "sg_db",
      "provider": "provider[\"registry.terraform.io/hashicorp/aws\"]",
      "instances": [
        {
          "schema_version": 1,
          "attributes": {
            "arn": "arn:aws:ec2:ap-northeast-2:730686915589:security-group/sg-0245e9c27f81cd3f6",
            "description": "sg for db",
            "egress": [
              {
                "cidr_blocks": [
                  "0.0.0.0/0"
                ],
                "description": "",
                "from_port": 0,
                "ipv6_cidr_blocks": [
                  "::/0"
                ],
                "prefix_list_ids": [],
                "protocol": "-1",
                "security_groups": [],
                "self": false,
                "to_port": 0
              }
            ],
            "id": "sg-0245e9c27f81cd3f6",
            "ingress": [
              {
                "cidr_blocks": [],
                "description": "MySQL",
                "from_port": 3306,
                "ipv6_cidr_blocks": [],
                "prefix_list_ids": [],
                "protocol": "tcp",
                "security_groups": [
                  "sg-03e82ba39f97a0c5b"
                ],
                "self": false,
                "to_port": 3306
              }
            ],
            "name": "cd-sg-db",
            "name_prefix": "",
            "owner_id": "730686915589",
            "revoke_rules_on_delete": false,
            "tags": {
              "Name": "cd-sg-db"
            },
            "tags_all": {
              "Name": "cd-sg-db"
            },
            "timeouts": null,
            "vpc_id": "vpc-074600d50f20af521"
          },
          "sensitive_attributes": [],
          "private": "eyJlMmJmYjczMC1lY2FhLTExZTYtOGY4OC0zNDM2M2JjN2M0YzAiOnsiY3JlYXRlIjo2MDAwMDAwMDAwMDAsImRlbGV0ZSI6OTAwMDAwMDAwMDAwfSwic2NoZW1hX3ZlcnNpb24iOiIxIn0=",
          "dependencies": [
            "aws_security_group.sg_bastion",
            "aws_security_group.sg_was",
            "aws_vpc.cd_vpc"
          ]
        }
      ]
    },
    {
      "mode": "managed",
      "type": "aws_security_group",
      "name": "sg_efs",
      "provider": "provider[\"registry.terraform.io/hashicorp/aws\"]",
      "instances": [
        {
          "schema_version": 1,
          "attributes": {
            "arn": "arn:aws:ec2:ap-northeast-2:730686915589:security-group/sg-0cfd40f883d2ac0be",
            "description": "security group for efs",
            "egress": [
              {
                "cidr_blocks": [
                  "0.0.0.0/0"
                ],
                "description": "",
                "from_port": 0,
                "ipv6_cidr_blocks": [
                  "::/0"
                ],
                "prefix_list_ids": [],
                "protocol": "-1",
                "security_groups": [],
                "self": false,
                "to_port": 0
              }
            ],
            "id": "sg-0cfd40f883d2ac0be",
            "ingress": [
              {
                "cidr_blocks": [],
                "description": "NFS",
                "from_port": 2049,
                "ipv6_cidr_blocks": [],
                "prefix_list_ids": [],
                "protocol": "tcp",
                "security_groups": [
                  "sg-03e82ba39f97a0c5b"
                ],
                "self": false,
                "to_port": 2049
              }
            ],
            "name": "cd-sg-efs",
            "name_prefix": "",
            "owner_id": "730686915589",
            "revoke_rules_on_delete": false,
            "tags": {
              "Name": "cd-sg-efs"
            },
            "tags_all": {
              "Name": "cd-sg-efs"
            },
            "timeouts": null,
            "vpc_id": "vpc-074600d50f20af521"
          },
          "sensitive_attributes": [],
          "private": "eyJlMmJmYjczMC1lY2FhLTExZTYtOGY4OC0zNDM2M2JjN2M0YzAiOnsiY3JlYXRlIjo2MDAwMDAwMDAwMDAsImRlbGV0ZSI6OTAwMDAwMDAwMDAwfSwic2NoZW1hX3ZlcnNpb24iOiIxIn0=",
          "dependencies": [
            "aws_security_group.sg_bastion",
            "aws_security_group.sg_was",
            "aws_vpc.cd_vpc"
          ]
        }
      ]
    },
    {
      "mode": "managed",
      "type": "aws_security_group",
      "name": "sg_peer_db",
      "provider": "provider[\"registry.terraform.io/hashicorp/aws\"]",
      "instances": [
        {
          "schema_version": 1,
          "attributes": {
            "arn": "arn:aws:ec2:ap-northeast-2:730686915589:security-group/sg-0715ff16f7452753f",
            "description": "sg for peer-db",
            "egress": [
              {
                "cidr_blocks": [
                  "0.0.0.0/0"
                ],
                "description": "",
                "from_port": 0,
                "ipv6_cidr_blocks": [
                  "::/0"
                ],
                "prefix_list_ids": [],
                "protocol": "-1",
                "security_groups": [],
                "self": false,
                "to_port": 0
              }
            ],
            "id": "sg-0715ff16f7452753f",
            "ingress": [
              {
                "cidr_blocks": [
                  "0.0.0.0/0"
                ],
                "description": "mysql",
                "from_port": 3306,
                "ipv6_cidr_blocks": [
                  "::/0"
                ],
                "prefix_list_ids": [],
                "protocol": "tcp",
                "security_groups": [],
                "self": false,
                "to_port": 3306
              },
              {
                "cidr_blocks": [
                  "0.0.0.0/0"
                ],
                "description": "redis",
                "from_port": 6379,
                "ipv6_cidr_blocks": [
                  "::/0"
                ],
                "prefix_list_ids": [],
                "protocol": "tcp",
                "security_groups": [],
                "self": false,
                "to_port": 6379
              },
              {
                "cidr_blocks": [
                  "0.0.0.0/0"
                ],
                "description": "tomcat",
                "from_port": 8080,
                "ipv6_cidr_blocks": [
                  "::/0"
                ],
                "prefix_list_ids": [],
                "protocol": "tcp",
                "security_groups": [],
                "self": false,
                "to_port": 8080
              },
              {
                "cidr_blocks": [
                  "0.0.0.0/0"
                ],
                "description": "web",
                "from_port": 80,
                "ipv6_cidr_blocks": [
                  "::/0"
                ],
                "prefix_list_ids": [],
                "protocol": "tcp",
                "security_groups": [],
                "self": false,
                "to_port": 80
              },
              {
                "cidr_blocks": [],
                "description": "ssh-bastion",
                "from_port": 22,
                "ipv6_cidr_blocks": [],
                "prefix_list_ids": [],
                "protocol": "tcp",
                "security_groups": [
                  "sg-08a3f1a20dc22c7a2"
                ],
                "self": false,
                "to_port": 22
              }
            ],
            "name": "cd-sg-peer-db",
            "name_prefix": "",
            "owner_id": "730686915589",
            "revoke_rules_on_delete": false,
            "tags": {
              "Name": "cd-sg-db"
            },
            "tags_all": {
              "Name": "cd-sg-db"
            },
            "timeouts": null,
            "vpc_id": "vpc-0b9c8b983ab6ad3ed"
          },
          "sensitive_attributes": [],
          "private": "eyJlMmJmYjczMC1lY2FhLTExZTYtOGY4OC0zNDM2M2JjN2M0YzAiOnsiY3JlYXRlIjo2MDAwMDAwMDAwMDAsImRlbGV0ZSI6OTAwMDAwMDAwMDAwfSwic2NoZW1hX3ZlcnNpb24iOiIxIn0=",
          "dependencies": [
            "aws_security_group.sg_bastion",
            "aws_vpc.cd_vpc",
            "aws_vpc.cd_vpc_peer"
          ]
        }
      ]
    },
    {
      "mode": "managed",
      "type": "aws_security_group",
      "name": "sg_was",
      "provider": "provider[\"registry.terraform.io/hashicorp/aws\"]",
      "instances": [
        {
          "schema_version": 1,
          "attributes": {
            "arn": "arn:aws:ec2:ap-northeast-2:730686915589:security-group/sg-03e82ba39f97a0c5b",
            "description": "sg for was",
            "egress": [
              {
                "cidr_blocks": [
                  "0.0.0.0/0"
                ],
                "description": "",
                "from_port": 0,
                "ipv6_cidr_blocks": [
                  "::/0"
                ],
                "prefix_list_ids": [],
                "protocol": "-1",
                "security_groups": [],
                "self": false,
                "to_port": 0
              }
            ],
            "id": "sg-03e82ba39f97a0c5b",
            "ingress": [
              {
                "cidr_blocks": [
                  "0.0.0.0/0"
                ],
                "description": "mysql",
                "from_port": 3306,
                "ipv6_cidr_blocks": [
                  "::/0"
                ],
                "prefix_list_ids": [],
                "protocol": "tcp",
                "security_groups": [],
                "self": false,
                "to_port": 3306
              },
              {
                "cidr_blocks": [
                  "0.0.0.0/0"
                ],
                "description": "tomcat",
                "from_port": 8080,
                "ipv6_cidr_blocks": [
                  "::/0"
                ],
                "prefix_list_ids": [],
                "protocol": "tcp",
                "security_groups": [],
                "self": false,
                "to_port": 8080
              },
              {
                "cidr_blocks": [
                  "0.0.0.0/0"
                ],
                "description": "web",
                "from_port": 80,
                "ipv6_cidr_blocks": [
                  "::/0"
                ],
                "prefix_list_ids": [],
                "protocol": "tcp",
                "security_groups": [],
                "self": false,
                "to_port": 80
              },
              {
                "cidr_blocks": [],
                "description": "ssh-bastion",
                "from_port": 22,
                "ipv6_cidr_blocks": [],
                "prefix_list_ids": [],
                "protocol": "tcp",
                "security_groups": [
                  "sg-08a3f1a20dc22c7a2"
                ],
                "self": false,
                "to_port": 22
              }
            ],
            "name": "cd-sg-was",
            "name_prefix": "",
            "owner_id": "730686915589",
            "revoke_rules_on_delete": false,
            "tags": {
              "Name": "cd-sg-was"
            },
            "tags_all": {
              "Name": "cd-sg-was"
            },
            "timeouts": null,
            "vpc_id": "vpc-074600d50f20af521"
          },
          "sensitive_attributes": [],
          "private": "eyJlMmJmYjczMC1lY2FhLTExZTYtOGY4OC0zNDM2M2JjN2M0YzAiOnsiY3JlYXRlIjo2MDAwMDAwMDAwMDAsImRlbGV0ZSI6OTAwMDAwMDAwMDAwfSwic2NoZW1hX3ZlcnNpb24iOiIxIn0=",
          "dependencies": [
            "aws_security_group.sg_bastion",
            "aws_vpc.cd_vpc"
          ]
        }
      ]
    },
    {
      "mode": "managed",
      "type": "aws_security_group",
      "name": "sg_web",
      "provider": "provider[\"registry.terraform.io/hashicorp/aws\"]",
      "instances": [
        {
          "schema_version": 1,
          "attributes": {
            "arn": "arn:aws:ec2:ap-northeast-2:730686915589:security-group/sg-008fc08e8e8b7a8f5",
            "description": "sg for web",
            "egress": [
              {
                "cidr_blocks": [
                  "0.0.0.0/0"
                ],
                "description": "",
                "from_port": 0,
                "ipv6_cidr_blocks": [
                  "::/0"
                ],
                "prefix_list_ids": [],
                "protocol": "-1",
                "security_groups": [],
                "self": false,
                "to_port": 0
              }
            ],
            "id": "sg-008fc08e8e8b7a8f5",
            "ingress": [
              {
                "cidr_blocks": [],
                "description": "ssh-bastion",
                "from_port": 22,
                "ipv6_cidr_blocks": [],
                "prefix_list_ids": [],
                "protocol": "tcp",
                "security_groups": [
                  "sg-08a3f1a20dc22c7a2"
                ],
                "self": false,
                "to_port": 22
              },
              {
                "cidr_blocks": [],
                "description": "web",
                "from_port": 80,
                "ipv6_cidr_blocks": [],
                "prefix_list_ids": [],
                "protocol": "tcp",
                "security_groups": [
                  "sg-00ce15477652c5508"
                ],
                "self": false,
                "to_port": 80
              }
            ],
            "name": "cd-sg-web",
            "name_prefix": "",
            "owner_id": "730686915589",
            "revoke_rules_on_delete": false,
            "tags": {
              "Name": "cd-sg-web"
            },
            "tags_all": {
              "Name": "cd-sg-web"
            },
            "timeouts": null,
            "vpc_id": "vpc-074600d50f20af521"
          },
          "sensitive_attributes": [],
          "private": "eyJlMmJmYjczMC1lY2FhLTExZTYtOGY4OC0zNDM2M2JjN2M0YzAiOnsiY3JlYXRlIjo2MDAwMDAwMDAwMDAsImRlbGV0ZSI6OTAwMDAwMDAwMDAwfSwic2NoZW1hX3ZlcnNpb24iOiIxIn0=",
          "dependencies": [
            "aws_security_group.sg_alb",
            "aws_security_group.sg_bastion",
            "aws_vpc.cd_vpc"
          ]
        }
      ]
    },
    {
      "mode": "managed",
      "type": "aws_sns_topic",
      "name": "aws_logins",
      "provider": "provider[\"registry.terraform.io/hashicorp/aws\"]",
      "instances": [
        {
          "schema_version": 0,
          "attributes": {
            "application_failure_feedback_role_arn": "",
            "application_success_feedback_role_arn": "",
            "application_success_feedback_sample_rate": null,
            "arn": "arn:aws:sns:ap-northeast-2:730686915589:aws-console-logins",
            "content_based_deduplication": false,
            "delivery_policy": "",
            "display_name": "",
            "fifo_topic": false,
            "firehose_failure_feedback_role_arn": "",
            "firehose_success_feedback_role_arn": "",
            "firehose_success_feedback_sample_rate": null,
            "http_failure_feedback_role_arn": "",
            "http_success_feedback_role_arn": "",
            "http_success_feedback_sample_rate": null,
            "id": "arn:aws:sns:ap-northeast-2:730686915589:aws-console-logins",
            "kms_master_key_id": "",
            "lambda_failure_feedback_role_arn": "",
            "lambda_success_feedback_role_arn": "",
            "lambda_success_feedback_sample_rate": null,
            "name": "aws-console-logins",
            "name_prefix": "",
            "owner": "730686915589",
            "policy": "{\"Id\":\"__default_policy_ID\",\"Statement\":[{\"Action\":[\"SNS:GetTopicAttributes\",\"SNS:SetTopicAttributes\",\"SNS:AddPermission\",\"SNS:RemovePermission\",\"SNS:DeleteTopic\",\"SNS:Subscribe\",\"SNS:ListSubscriptionsByTopic\",\"SNS:Publish\"],\"Condition\":{\"StringEquals\":{\"AWS:SourceOwner\":\"730686915589\"}},\"Effect\":\"Allow\",\"Principal\":{\"AWS\":\"*\"},\"Resource\":\"arn:aws:sns:ap-northeast-2:730686915589:aws-console-logins\",\"Sid\":\"__default_statement_ID\"}],\"Version\":\"2008-10-17\"}",
            "sqs_failure_feedback_role_arn": "",
            "sqs_success_feedback_role_arn": "",
            "sqs_success_feedback_sample_rate": null,
            "tags": null,
            "tags_all": {}
          },
          "sensitive_attributes": [],
          "private": "bnVsbA=="
        }
      ]
    },
    {
      "mode": "managed",
      "type": "aws_sns_topic_policy",
      "name": "default",
      "provider": "provider[\"registry.terraform.io/hashicorp/aws\"]",
      "instances": [
        {
          "schema_version": 0,
          "attributes": {
            "arn": "arn:aws:sns:ap-northeast-2:730686915589:aws-console-logins",
            "id": "arn:aws:sns:ap-northeast-2:730686915589:aws-console-logins",
            "owner": "730686915589",
            "policy": "{\"Statement\":[{\"Action\":\"SNS:Publish\",\"Effect\":\"Allow\",\"Principal\":{\"Service\":\"events.amazonaws.com\"},\"Resource\":\"arn:aws:sns:ap-northeast-2:730686915589:aws-console-logins\",\"Sid\":\"\"}],\"Version\":\"2012-10-17\"}"
          },
          "sensitive_attributes": [],
          "private": "bnVsbA==",
          "dependencies": [
            "aws_sns_topic.aws_logins",
            "data.aws_iam_policy_document.sns_topic_policy"
          ]
        }
      ]
    },
    {
      "mode": "managed",
      "type": "aws_subnet",
      "name": "cd_dbpeer1",
      "provider": "provider[\"registry.terraform.io/hashicorp/aws\"]",
      "instances": [
        {
          "schema_version": 1,
          "attributes": {
            "arn": "arn:aws:ec2:ap-northeast-2:730686915589:subnet/subnet-0a2eef3e48f24c210",
            "assign_ipv6_address_on_creation": false,
            "availability_zone": "ap-northeast-2a",
            "availability_zone_id": "apne2-az1",
            "cidr_block": "10.0.0.0/24",
            "customer_owned_ipv4_pool": "",
            "id": "subnet-0a2eef3e48f24c210",
            "ipv6_cidr_block": "",
            "ipv6_cidr_block_association_id": "",
            "map_customer_owned_ip_on_launch": false,
            "map_public_ip_on_launch": false,
            "outpost_arn": "",
            "owner_id": "730686915589",
            "tags": {
              "Name": "cd-dbpeer1"
            },
            "tags_all": {
              "Name": "cd-dbpeer1"
            },
            "timeouts": null,
            "vpc_id": "vpc-0b9c8b983ab6ad3ed"
          },
          "sensitive_attributes": [],
          "private": "eyJlMmJmYjczMC1lY2FhLTExZTYtOGY4OC0zNDM2M2JjN2M0YzAiOnsiY3JlYXRlIjo2MDAwMDAwMDAwMDAsImRlbGV0ZSI6MTIwMDAwMDAwMDAwMH0sInNjaGVtYV92ZXJzaW9uIjoiMSJ9",
          "dependencies": [
            "aws_vpc.cd_vpc_peer"
          ]
        }
      ]
    },
    {
      "mode": "managed",
      "type": "aws_subnet",
      "name": "cd_dbpeer2",
      "provider": "provider[\"registry.terraform.io/hashicorp/aws\"]",
      "instances": [
        {
          "schema_version": 1,
          "attributes": {
            "arn": "arn:aws:ec2:ap-northeast-2:730686915589:subnet/subnet-012b90873e34afd62",
            "assign_ipv6_address_on_creation": false,
            "availability_zone": "ap-northeast-2c",
            "availability_zone_id": "apne2-az3",
            "cidr_block": "10.0.1.0/24",
            "customer_owned_ipv4_pool": "",
            "id": "subnet-012b90873e34afd62",
            "ipv6_cidr_block": "",
            "ipv6_cidr_block_association_id": "",
            "map_customer_owned_ip_on_launch": false,
            "map_public_ip_on_launch": false,
            "outpost_arn": "",
            "owner_id": "730686915589",
            "tags": {
              "Name": "cd-dbpeer2"
            },
            "tags_all": {
              "Name": "cd-dbpeer2"
            },
            "timeouts": null,
            "vpc_id": "vpc-0b9c8b983ab6ad3ed"
          },
          "sensitive_attributes": [],
          "private": "eyJlMmJmYjczMC1lY2FhLTExZTYtOGY4OC0zNDM2M2JjN2M0YzAiOnsiY3JlYXRlIjo2MDAwMDAwMDAwMDAsImRlbGV0ZSI6MTIwMDAwMDAwMDAwMH0sInNjaGVtYV92ZXJzaW9uIjoiMSJ9",
          "dependencies": [
            "aws_vpc.cd_vpc_peer"
          ]
        }
      ]
    },
    {
      "mode": "managed",
      "type": "aws_subnet",
      "name": "cd_priwas1",
      "provider": "provider[\"registry.terraform.io/hashicorp/aws\"]",
      "instances": [
        {
          "schema_version": 1,
          "attributes": {
            "arn": "arn:aws:ec2:ap-northeast-2:730686915589:subnet/subnet-0200a2e1b3d375db1",
            "assign_ipv6_address_on_creation": false,
            "availability_zone": "ap-northeast-2a",
            "availability_zone_id": "apne2-az1",
            "cidr_block": "192.168.4.0/24",
            "customer_owned_ipv4_pool": "",
            "id": "subnet-0200a2e1b3d375db1",
            "ipv6_cidr_block": "",
            "ipv6_cidr_block_association_id": "",
            "map_customer_owned_ip_on_launch": false,
            "map_public_ip_on_launch": false,
            "outpost_arn": "",
            "owner_id": "730686915589",
            "tags": {
              "Name": "cd-priwas1"
            },
            "tags_all": {
              "Name": "cd-priwas1"
            },
            "timeouts": null,
            "vpc_id": "vpc-074600d50f20af521"
          },
          "sensitive_attributes": [],
          "private": "eyJlMmJmYjczMC1lY2FhLTExZTYtOGY4OC0zNDM2M2JjN2M0YzAiOnsiY3JlYXRlIjo2MDAwMDAwMDAwMDAsImRlbGV0ZSI6MTIwMDAwMDAwMDAwMH0sInNjaGVtYV92ZXJzaW9uIjoiMSJ9",
          "dependencies": [
            "aws_vpc.cd_vpc"
          ]
        }
      ]
    },
    {
      "mode": "managed",
      "type": "aws_subnet",
      "name": "cd_priwas2",
      "provider": "provider[\"registry.terraform.io/hashicorp/aws\"]",
      "instances": [
        {
          "schema_version": 1,
          "attributes": {
            "arn": "arn:aws:ec2:ap-northeast-2:730686915589:subnet/subnet-05e97ddb060756eac",
            "assign_ipv6_address_on_creation": false,
            "availability_zone": "ap-northeast-2c",
            "availability_zone_id": "apne2-az3",
            "cidr_block": "192.168.5.0/24",
            "customer_owned_ipv4_pool": "",
            "id": "subnet-05e97ddb060756eac",
            "ipv6_cidr_block": "",
            "ipv6_cidr_block_association_id": "",
            "map_customer_owned_ip_on_launch": false,
            "map_public_ip_on_launch": false,
            "outpost_arn": "",
            "owner_id": "730686915589",
            "tags": {
              "Name": "cd-priwas2"
            },
            "tags_all": {
              "Name": "cd-priwas2"
            },
            "timeouts": null,
            "vpc_id": "vpc-074600d50f20af521"
          },
          "sensitive_attributes": [],
          "private": "eyJlMmJmYjczMC1lY2FhLTExZTYtOGY4OC0zNDM2M2JjN2M0YzAiOnsiY3JlYXRlIjo2MDAwMDAwMDAwMDAsImRlbGV0ZSI6MTIwMDAwMDAwMDAwMH0sInNjaGVtYV92ZXJzaW9uIjoiMSJ9",
          "dependencies": [
            "aws_vpc.cd_vpc"
          ]
        }
      ]
    },
    {
      "mode": "managed",
      "type": "aws_subnet",
      "name": "cd_priweb1",
      "provider": "provider[\"registry.terraform.io/hashicorp/aws\"]",
      "instances": [
        {
          "schema_version": 1,
          "attributes": {
            "arn": "arn:aws:ec2:ap-northeast-2:730686915589:subnet/subnet-0031c5f42f3f32954",
            "assign_ipv6_address_on_creation": false,
            "availability_zone": "ap-northeast-2a",
            "availability_zone_id": "apne2-az1",
            "cidr_block": "192.168.2.0/24",
            "customer_owned_ipv4_pool": "",
            "id": "subnet-0031c5f42f3f32954",
            "ipv6_cidr_block": "",
            "ipv6_cidr_block_association_id": "",
            "map_customer_owned_ip_on_launch": false,
            "map_public_ip_on_launch": false,
            "outpost_arn": "",
            "owner_id": "730686915589",
            "tags": {
              "Name": "cd-priweb1"
            },
            "tags_all": {
              "Name": "cd-priweb1"
            },
            "timeouts": null,
            "vpc_id": "vpc-074600d50f20af521"
          },
          "sensitive_attributes": [],
          "private": "eyJlMmJmYjczMC1lY2FhLTExZTYtOGY4OC0zNDM2M2JjN2M0YzAiOnsiY3JlYXRlIjo2MDAwMDAwMDAwMDAsImRlbGV0ZSI6MTIwMDAwMDAwMDAwMH0sInNjaGVtYV92ZXJzaW9uIjoiMSJ9",
          "dependencies": [
            "aws_vpc.cd_vpc"
          ]
        }
      ]
    },
    {
      "mode": "managed",
      "type": "aws_subnet",
      "name": "cd_priweb2",
      "provider": "provider[\"registry.terraform.io/hashicorp/aws\"]",
      "instances": [
        {
          "schema_version": 1,
          "attributes": {
            "arn": "arn:aws:ec2:ap-northeast-2:730686915589:subnet/subnet-038af23e998e027c0",
            "assign_ipv6_address_on_creation": false,
            "availability_zone": "ap-northeast-2c",
            "availability_zone_id": "apne2-az3",
            "cidr_block": "192.168.3.0/24",
            "customer_owned_ipv4_pool": "",
            "id": "subnet-038af23e998e027c0",
            "ipv6_cidr_block": "",
            "ipv6_cidr_block_association_id": "",
            "map_customer_owned_ip_on_launch": false,
            "map_public_ip_on_launch": false,
            "outpost_arn": "",
            "owner_id": "730686915589",
            "tags": {
              "Name": "cd-priweb2"
            },
            "tags_all": {
              "Name": "cd-priweb2"
            },
            "timeouts": null,
            "vpc_id": "vpc-074600d50f20af521"
          },
          "sensitive_attributes": [],
          "private": "eyJlMmJmYjczMC1lY2FhLTExZTYtOGY4OC0zNDM2M2JjN2M0YzAiOnsiY3JlYXRlIjo2MDAwMDAwMDAwMDAsImRlbGV0ZSI6MTIwMDAwMDAwMDAwMH0sInNjaGVtYV92ZXJzaW9uIjoiMSJ9",
          "dependencies": [
            "aws_vpc.cd_vpc"
          ]
        }
      ]
    },
    {
      "mode": "managed",
      "type": "aws_subnet",
      "name": "cd_pub1",
      "provider": "provider[\"registry.terraform.io/hashicorp/aws\"]",
      "instances": [
        {
          "schema_version": 1,
          "attributes": {
            "arn": "arn:aws:ec2:ap-northeast-2:730686915589:subnet/subnet-08a2c99ab49bb2ce5",
            "assign_ipv6_address_on_creation": false,
            "availability_zone": "ap-northeast-2a",
            "availability_zone_id": "apne2-az1",
            "cidr_block": "192.168.0.0/24",
            "customer_owned_ipv4_pool": "",
            "id": "subnet-08a2c99ab49bb2ce5",
            "ipv6_cidr_block": "",
            "ipv6_cidr_block_association_id": "",
            "map_customer_owned_ip_on_launch": false,
            "map_public_ip_on_launch": false,
            "outpost_arn": "",
            "owner_id": "730686915589",
            "tags": {
              "Name": "cd-pub1"
            },
            "tags_all": {
              "Name": "cd-pub1"
            },
            "timeouts": null,
            "vpc_id": "vpc-074600d50f20af521"
          },
          "sensitive_attributes": [],
          "private": "eyJlMmJmYjczMC1lY2FhLTExZTYtOGY4OC0zNDM2M2JjN2M0YzAiOnsiY3JlYXRlIjo2MDAwMDAwMDAwMDAsImRlbGV0ZSI6MTIwMDAwMDAwMDAwMH0sInNjaGVtYV92ZXJzaW9uIjoiMSJ9",
          "dependencies": [
            "aws_vpc.cd_vpc"
          ]
        }
      ]
    },
    {
      "mode": "managed",
      "type": "aws_subnet",
      "name": "cd_pub2",
      "provider": "provider[\"registry.terraform.io/hashicorp/aws\"]",
      "instances": [
        {
          "schema_version": 1,
          "attributes": {
            "arn": "arn:aws:ec2:ap-northeast-2:730686915589:subnet/subnet-05462fde02b5e7b1e",
            "assign_ipv6_address_on_creation": false,
            "availability_zone": "ap-northeast-2c",
            "availability_zone_id": "apne2-az3",
            "cidr_block": "192.168.1.0/24",
            "customer_owned_ipv4_pool": "",
            "id": "subnet-05462fde02b5e7b1e",
            "ipv6_cidr_block": "",
            "ipv6_cidr_block_association_id": "",
            "map_customer_owned_ip_on_launch": false,
            "map_public_ip_on_launch": false,
            "outpost_arn": "",
            "owner_id": "730686915589",
            "tags": {
              "Name": "cd-pub2"
            },
            "tags_all": {
              "Name": "cd-pub2"
            },
            "timeouts": null,
            "vpc_id": "vpc-074600d50f20af521"
          },
          "sensitive_attributes": [],
          "private": "eyJlMmJmYjczMC1lY2FhLTExZTYtOGY4OC0zNDM2M2JjN2M0YzAiOnsiY3JlYXRlIjo2MDAwMDAwMDAwMDAsImRlbGV0ZSI6MTIwMDAwMDAwMDAwMH0sInNjaGVtYV92ZXJzaW9uIjoiMSJ9",
          "dependencies": [
            "aws_vpc.cd_vpc"
          ]
        }
      ]
    },
    {
      "mode": "managed",
      "type": "aws_volume_attachment",
      "name": "cd_ebs_att",
      "provider": "provider[\"registry.terraform.io/hashicorp/aws\"]",
      "instances": [
        {
          "schema_version": 0,
          "attributes": {
            "device_name": "/dev/sdh",
            "force_detach": true,
            "id": "vai-3879197841",
            "instance_id": "i-021e2c055070ff70f",
            "skip_destroy": true,
            "stop_instance_before_detaching": null,
            "volume_id": "vol-0c5d56a251f5f5dd0"
          },
          "sensitive_attributes": [],
          "private": "bnVsbA==",
          "dependencies": [
            "aws_ebs_volume.cd_ebs",
            "aws_instance.cd_bastion",
            "aws_instance.web",
            "aws_security_group.sg_alb",
            "aws_security_group.sg_bastion",
            "aws_security_group.sg_web",
            "aws_subnet.cd_priweb1",
            "aws_subnet.cd_pub1",
            "aws_vpc.cd_vpc",
            "time_sleep.wait_bastion"
          ]
        }
      ]
    },
    {
      "mode": "managed",
      "type": "aws_vpc",
      "name": "cd_vpc",
      "provider": "provider[\"registry.terraform.io/hashicorp/aws\"]",
      "instances": [
        {
          "schema_version": 1,
          "attributes": {
            "arn": "arn:aws:ec2:ap-northeast-2:730686915589:vpc/vpc-074600d50f20af521",
            "assign_generated_ipv6_cidr_block": false,
            "cidr_block": "192.168.0.0/16",
            "default_network_acl_id": "acl-0698ccdcb44077bd4",
            "default_route_table_id": "rtb-00904a49d8a9822a4",
            "default_security_group_id": "sg-0be3bb644f4c2dcff",
            "dhcp_options_id": "dopt-8f430de4",
            "enable_classiclink": null,
            "enable_classiclink_dns_support": null,
            "enable_dns_hostnames": true,
            "enable_dns_support": true,
            "id": "vpc-074600d50f20af521",
            "instance_tenancy": "default",
            "ipv4_ipam_pool_id": null,
            "ipv4_netmask_length": null,
            "ipv6_association_id": "",
            "ipv6_cidr_block": "",
            "ipv6_ipam_pool_id": null,
            "ipv6_netmask_length": null,
            "main_route_table_id": "rtb-00904a49d8a9822a4",
            "owner_id": "730686915589",
            "tags": {
              "Name": "cd-vpc"
            },
            "tags_all": {
              "Name": "cd-vpc"
            }
          },
          "sensitive_attributes": [],
          "private": "eyJzY2hlbWFfdmVyc2lvbiI6IjEifQ=="
        }
      ]
    },
    {
      "mode": "managed",
      "type": "aws_vpc",
      "name": "cd_vpc_peer",
      "provider": "provider[\"registry.terraform.io/hashicorp/aws\"]",
      "instances": [
        {
          "schema_version": 1,
          "attributes": {
            "arn": "arn:aws:ec2:ap-northeast-2:730686915589:vpc/vpc-0b9c8b983ab6ad3ed",
            "assign_generated_ipv6_cidr_block": false,
            "cidr_block": "10.0.0.0/16",
            "default_network_acl_id": "acl-0ece67a7d0080b4dd",
            "default_route_table_id": "rtb-0121713a745817d35",
            "default_security_group_id": "sg-02c26d55a091d97d0",
            "dhcp_options_id": "dopt-8f430de4",
            "enable_classiclink": null,
            "enable_classiclink_dns_support": null,
            "enable_dns_hostnames": true,
            "enable_dns_support": true,
            "id": "vpc-0b9c8b983ab6ad3ed",
            "instance_tenancy": "default",
            "ipv4_ipam_pool_id": null,
            "ipv4_netmask_length": null,
            "ipv6_association_id": "",
            "ipv6_cidr_block": "",
            "ipv6_ipam_pool_id": null,
            "ipv6_netmask_length": null,
            "main_route_table_id": "rtb-0121713a745817d35",
            "owner_id": "730686915589",
            "tags": {
              "Name": "cd-vpc_peer"
            },
            "tags_all": {
              "Name": "cd-vpc_peer"
            }
          },
          "sensitive_attributes": [],
          "private": "eyJzY2hlbWFfdmVyc2lvbiI6IjEifQ=="
        }
      ]
    },
    {
      "mode": "managed",
      "type": "aws_vpc_peering_connection",
      "name": "vpc_peering",
      "provider": "provider[\"registry.terraform.io/hashicorp/aws\"]",
      "instances": [
        {
          "schema_version": 0,
          "attributes": {
            "accept_status": "active",
            "accepter": [
              {
                "allow_classic_link_to_remote_vpc": false,
                "allow_remote_vpc_dns_resolution": true,
                "allow_vpc_to_remote_classic_link": false
              }
            ],
            "auto_accept": true,
            "id": "pcx-0d3e654d9552efd99",
            "peer_owner_id": "730686915589",
            "peer_region": "ap-northeast-2",
            "peer_vpc_id": "vpc-074600d50f20af521",
            "requester": [
              {
                "allow_classic_link_to_remote_vpc": false,
                "allow_remote_vpc_dns_resolution": true,
                "allow_vpc_to_remote_classic_link": false
              }
            ],
            "tags": {
              "Name": "vpc-peering"
            },
            "tags_all": {
              "Name": "vpc-peering"
            },
            "timeouts": null,
            "vpc_id": "vpc-0b9c8b983ab6ad3ed"
          },
          "sensitive_attributes": [],
          "private": "eyJlMmJmYjczMC1lY2FhLTExZTYtOGY4OC0zNDM2M2JjN2M0YzAiOnsiY3JlYXRlIjo2MDAwMDAwMDAwMCwiZGVsZXRlIjo2MDAwMDAwMDAwMCwidXBkYXRlIjo2MDAwMDAwMDAwMH19",
          "dependencies": [
            "aws_vpc.cd_vpc",
            "aws_vpc.cd_vpc_peer",
            "data.aws_caller_identity.current"
          ]
        }
      ]
    },
    {
      "mode": "managed",
      "type": "time_sleep",
      "name": "wait_bastion",
      "provider": "provider[\"registry.terraform.io/hashicorp/time\"]",
      "instances": [
        {
          "schema_version": 0,
          "attributes": {
            "create_duration": "1m",
            "destroy_duration": null,
            "id": "2021-12-27T02:05:54Z",
            "triggers": null
          },
          "sensitive_attributes": [],
          "private": "bnVsbA==",
          "dependencies": [
            "aws_instance.web",
            "aws_security_group.sg_alb",
            "aws_security_group.sg_bastion",
            "aws_security_group.sg_web",
            "aws_subnet.cd_priweb1",
            "aws_vpc.cd_vpc"
          ]
        }
      ]
    },
    {
      "mode": "managed",
      "type": "time_sleep",
      "name": "wait_was",
      "provider": "provider[\"registry.terraform.io/hashicorp/time\"]",
      "instances": [
        {
          "schema_version": 0,
          "attributes": {
            "create_duration": "13m",
            "destroy_duration": null,
            "id": "2021-12-27T02:19:26Z",
            "triggers": null
          },
          "sensitive_attributes": [],
          "private": "bnVsbA==",
          "dependencies": [
            "aws_instance.cd_bastion",
            "aws_instance.web",
            "aws_security_group.sg_alb",
            "aws_security_group.sg_bastion",
            "aws_security_group.sg_web",
            "aws_subnet.cd_priweb1",
            "aws_subnet.cd_pub1",
            "aws_vpc.cd_vpc",
            "time_sleep.wait_bastion"
          ]
        }
      ]
    },
    {
      "mode": "managed",
      "type": "time_sleep",
      "name": "wait_web",
      "provider": "provider[\"registry.terraform.io/hashicorp/time\"]",
      "instances": [
        {
          "schema_version": 0,
          "attributes": {
            "create_duration": "3m",
            "destroy_duration": null,
            "id": "2021-12-27T02:07:54Z",
            "triggers": null
          },
          "sensitive_attributes": [],
          "private": "bnVsbA==",
          "dependencies": [
            "aws_instance.web",
            "aws_security_group.sg_alb",
            "aws_security_group.sg_bastion",
            "aws_security_group.sg_web",
            "aws_subnet.cd_priweb1",
            "aws_vpc.cd_vpc"
          ]
        }
      ]
    }
  ]
}
